// !$*UTF8*$!
{
	archiveVersion = 1;
	classes = {
	};
	objectVersion = 48;
	objects = {

/* Begin PBXBuildFile section */
		5103808C20ABFFE1007345B4 /* ShowDevice.swift in Sources */ = {isa = PBXBuildFile; fileRef = 5103808B20ABFFE1007345B4 /* ShowDevice.swift */; };
		5103808F20AC1443007345B4 /* DevicesTableViewCell.swift in Sources */ = {isa = PBXBuildFile; fileRef = 5103808D20AC1443007345B4 /* DevicesTableViewCell.swift */; };
		5103809020AC1443007345B4 /* DevicesTableViewCell.xib in Resources */ = {isa = PBXBuildFile; fileRef = 5103808E20AC1443007345B4 /* DevicesTableViewCell.xib */; };
		5103809220AC15C8007345B4 /* DevicesTableView.swift in Sources */ = {isa = PBXBuildFile; fileRef = 5103809120AC15C8007345B4 /* DevicesTableView.swift */; };
		5103BEFE20BD3AE100F6B26A /* AuditingCell.swift in Sources */ = {isa = PBXBuildFile; fileRef = 5103BEFC20BD3AE100F6B26A /* AuditingCell.swift */; };
		5103BEFF20BD3AE100F6B26A /* AuditingCell.xib in Resources */ = {isa = PBXBuildFile; fileRef = 5103BEFD20BD3AE100F6B26A /* AuditingCell.xib */; };
		5103BF0120BD4B8D00F6B26A /* AuditingFragment.swift in Sources */ = {isa = PBXBuildFile; fileRef = 5103BF0020BD4B8D00F6B26A /* AuditingFragment.swift */; };
		5103BF0320BE4AC300F6B26A /* ShowPage.swift in Sources */ = {isa = PBXBuildFile; fileRef = 5103BF0220BE4AC300F6B26A /* ShowPage.swift */; };
		5106FCB820B186EE009BAB2C /* solar_panel_good.png in Resources */ = {isa = PBXBuildFile; fileRef = 5106FCB620B186ED009BAB2C /* solar_panel_good.png */; };
		5106FCB920B186EE009BAB2C /* solar_panel_bad.png in Resources */ = {isa = PBXBuildFile; fileRef = 5106FCB720B186ED009BAB2C /* solar_panel_bad.png */; };
		5109A49A2045478300986733 /* Popover.swift in Sources */ = {isa = PBXBuildFile; fileRef = 5109A4992045478300986733 /* Popover.swift */; };
		5115DA3020AA74E600AF5445 /* libstdc++.tbd in Frameworks */ = {isa = PBXBuildFile; fileRef = 51F2C1E820A5882A006F1A29 /* libstdc++.tbd */; };
		511F6AA62015724800C47096 /* ShowAccount.swift in Sources */ = {isa = PBXBuildFile; fileRef = 511F6AA52015724800C47096 /* ShowAccount.swift */; };
		511F85E820075291008CA05A /* RegisterViewController.swift in Sources */ = {isa = PBXBuildFile; fileRef = 511F85E720075291008CA05A /* RegisterViewController.swift */; };
		511F85EA20078CA9008CA05A /* tableItemView.swift in Sources */ = {isa = PBXBuildFile; fileRef = 511F85E920078CA9008CA05A /* tableItemView.swift */; };
		5125781E20452E7800344B60 /* BaseItem.swift in Sources */ = {isa = PBXBuildFile; fileRef = 5125781D20452E7800344B60 /* BaseItem.swift */; };
		512578202045315B00344B60 /* TreeTableView.swift in Sources */ = {isa = PBXBuildFile; fileRef = 5125781F2045315B00344B60 /* TreeTableView.swift */; };
		512578232045317900344B60 /* TreeTableViewCell.swift in Sources */ = {isa = PBXBuildFile; fileRef = 512578212045317800344B60 /* TreeTableViewCell.swift */; };
		512578242045317900344B60 /* TreeTableViewCell.xib in Resources */ = {isa = PBXBuildFile; fileRef = 512578222045317900344B60 /* TreeTableViewCell.xib */; };
		512578282045354F00344B60 /* tree_ec.png in Resources */ = {isa = PBXBuildFile; fileRef = 512578262045354F00344B60 /* tree_ec.png */; };
		512578292045354F00344B60 /* tree_ex.png in Resources */ = {isa = PBXBuildFile; fileRef = 512578272045354F00344B60 /* tree_ex.png */; };
		512E654C2009D47500478420 /* ColorUtils.swift in Sources */ = {isa = PBXBuildFile; fileRef = 512E654B2009D47500478420 /* ColorUtils.swift */; };
		512E654E2009F3F800478420 /* UserBaseController.swift in Sources */ = {isa = PBXBuildFile; fileRef = 512E654D2009F3F800478420 /* UserBaseController.swift */; };
		513A458620B26AAA008FB23B /* battery4.gif in Resources */ = {isa = PBXBuildFile; fileRef = 513A458020B26AA8008FB23B /* battery4.gif */; };
		513A458720B26AAA008FB23B /* battery1.gif in Resources */ = {isa = PBXBuildFile; fileRef = 513A458120B26AA8008FB23B /* battery1.gif */; };
		513A458820B26AAA008FB23B /* battery0.gif in Resources */ = {isa = PBXBuildFile; fileRef = 513A458220B26AA9008FB23B /* battery0.gif */; };
		513A458920B26AAA008FB23B /* battery2.gif in Resources */ = {isa = PBXBuildFile; fileRef = 513A458320B26AA9008FB23B /* battery2.gif */; };
		513A458A20B26AAA008FB23B /* battery5.gif in Resources */ = {isa = PBXBuildFile; fileRef = 513A458420B26AAA008FB23B /* battery5.gif */; };
		513A458B20B26AAA008FB23B /* battery3.gif in Resources */ = {isa = PBXBuildFile; fileRef = 513A458520B26AAA008FB23B /* battery3.gif */; };
		513D7AF0201836A600F6DA4C /* ConnectAPI.swift in Sources */ = {isa = PBXBuildFile; fileRef = 513D7AEF201836A600F6DA4C /* ConnectAPI.swift */; };
		513D7B002018628000F6DA4C /* GCDAsyncSocket.m in Sources */ = {isa = PBXBuildFile; fileRef = 513D7AFF2018628000F6DA4C /* GCDAsyncSocket.m */; };
		513D7B0420186CD700F6DA4C /* BaseData.swift in Sources */ = {isa = PBXBuildFile; fileRef = 513D7B0320186CD700F6DA4C /* BaseData.swift */; };
		513D7B0620186E2A00F6DA4C /* JSONUtils.swift in Sources */ = {isa = PBXBuildFile; fileRef = 513D7B0520186E2A00F6DA4C /* JSONUtils.swift */; };
		513D7B0B2018703800F6DA4C /* MsgProtocol.swift in Sources */ = {isa = PBXBuildFile; fileRef = 513D7B0A2018703800F6DA4C /* MsgProtocol.swift */; };
		513D7B0D2018790C00F6DA4C /* ClientRequest.swift in Sources */ = {isa = PBXBuildFile; fileRef = 513D7B0C2018790C00F6DA4C /* ClientRequest.swift */; };
		513D7B0F2018831A00F6DA4C /* StringUtils.swift in Sources */ = {isa = PBXBuildFile; fileRef = 513D7B0E2018831A00F6DA4C /* StringUtils.swift */; };
		513E7985204F8A32009E799F /* AddressPickerView.swift in Sources */ = {isa = PBXBuildFile; fileRef = 513E7984204F8A32009E799F /* AddressPickerView.swift */; };
		513E798720514BF9009E799F /* ShowVCode.swift in Sources */ = {isa = PBXBuildFile; fileRef = 513E798620514BF9009E799F /* ShowVCode.swift */; };
		513E7989205628DA009E799F /* ShowResponse.swift in Sources */ = {isa = PBXBuildFile; fileRef = 513E7988205628DA009E799F /* ShowResponse.swift */; };
		513EEE07203FA64200F49CDB /* RunningStateViewController.swift in Sources */ = {isa = PBXBuildFile; fileRef = 513EEE06203FA64200F49CDB /* RunningStateViewController.swift */; };
		513EEE09203FAB0C00F49CDB /* RunningDataViewController.swift in Sources */ = {isa = PBXBuildFile; fileRef = 513EEE08203FAB0C00F49CDB /* RunningDataViewController.swift */; };
		513EEE0B203FAB9800F49CDB /* ProjectAddViewController.swift in Sources */ = {isa = PBXBuildFile; fileRef = 513EEE0A203FAB9800F49CDB /* ProjectAddViewController.swift */; };
		513EEE0D203FAE2100F49CDB /* ProjectModifyViewController.swift in Sources */ = {isa = PBXBuildFile; fileRef = 513EEE0C203FAE2100F49CDB /* ProjectModifyViewController.swift */; };
		513EEE0F203FAE4200F49CDB /* DeviceModifyViewController.swift in Sources */ = {isa = PBXBuildFile; fileRef = 513EEE0E203FAE4200F49CDB /* DeviceModifyViewController.swift */; };
		513EEE11203FAF7100F49CDB /* MaintainerModifyViewController.swift in Sources */ = {isa = PBXBuildFile; fileRef = 513EEE10203FAF7100F49CDB /* MaintainerModifyViewController.swift */; };
		513EEE13203FAF9500F49CDB /* InfoRefindViewController.swift in Sources */ = {isa = PBXBuildFile; fileRef = 513EEE12203FAF9500F49CDB /* InfoRefindViewController.swift */; };
		513EEE1520410CF000F49CDB /* MainViewController.swift in Sources */ = {isa = PBXBuildFile; fileRef = 513EEE1420410CF000F49CDB /* MainViewController.swift */; };
		513EEE1820439F5100F49CDB /* AddressUtils.swift in Sources */ = {isa = PBXBuildFile; fileRef = 513EEE1720439F5100F49CDB /* AddressUtils.swift */; };
		513EEE1A20439F8D00F49CDB /* AddressItem.swift in Sources */ = {isa = PBXBuildFile; fileRef = 513EEE1920439F8D00F49CDB /* AddressItem.swift */; };
		513EEE1C2043A4DE00F49CDB /* address.txt in Resources */ = {isa = PBXBuildFile; fileRef = 513EEE1B2043A4DE00F49CDB /* address.txt */; };
		5141864120A2EB0700EBC67B /* ShowDevConfig.swift in Sources */ = {isa = PBXBuildFile; fileRef = 5141864020A2EB0700EBC67B /* ShowDevConfig.swift */; };
		51594DC720B3C13C00BBD7D0 /* TimeCollectionViewCell.swift in Sources */ = {isa = PBXBuildFile; fileRef = 51594DC520B3C13C00BBD7D0 /* TimeCollectionViewCell.swift */; };
		51594DC820B3C13C00BBD7D0 /* TimeCollectionViewCell.xib in Resources */ = {isa = PBXBuildFile; fileRef = 51594DC620B3C13C00BBD7D0 /* TimeCollectionViewCell.xib */; };
		51594DCA20B3C48A00BBD7D0 /* TimingRunFragment.swift in Sources */ = {isa = PBXBuildFile; fileRef = 51594DC920B3C48A00BBD7D0 /* TimingRunFragment.swift */; };
		51594DCC20B3F58100BBD7D0 /* EmergencyFragment.swift in Sources */ = {isa = PBXBuildFile; fileRef = 51594DCB20B3F58100BBD7D0 /* EmergencyFragment.swift */; };
		51594DCE20B428B100BBD7D0 /* DateUtils.swift in Sources */ = {isa = PBXBuildFile; fileRef = 51594DCD20B428B100BBD7D0 /* DateUtils.swift */; };
		516322AD20AD2CD3009FFCA4 /* ShowDeviceData.swift in Sources */ = {isa = PBXBuildFile; fileRef = 516322AC20AD2CD3009FFCA4 /* ShowDeviceData.swift */; };
		516D8AC32019ADF10030B4A2 /* ShowMessage.swift in Sources */ = {isa = PBXBuildFile; fileRef = 516D8AC22019ADF10030B4A2 /* ShowMessage.swift */; };
		516D8AC52019BFA90030B4A2 /* ShowLocation.swift in Sources */ = {isa = PBXBuildFile; fileRef = 516D8AC42019BFA90030B4A2 /* ShowLocation.swift */; };
		516D8AC72019C07E0030B4A2 /* ShowProject.swift in Sources */ = {isa = PBXBuildFile; fileRef = 516D8AC62019C07E0030B4A2 /* ShowProject.swift */; };
		516D8AC9201B09EF0030B4A2 /* TGCToastView.swift in Sources */ = {isa = PBXBuildFile; fileRef = 516D8AC8201B09EF0030B4A2 /* TGCToastView.swift */; };
		516D8ACB201EC2A40030B4A2 /* ToastHelper.swift in Sources */ = {isa = PBXBuildFile; fileRef = 516D8ACA201EC2A40030B4A2 /* ToastHelper.swift */; };
		5170D15E201022C1005BA9C8 /* BasePageViewController.swift in Sources */ = {isa = PBXBuildFile; fileRef = 5170D15D201022C1005BA9C8 /* BasePageViewController.swift */; };
		5170D16D20118C0A005BA9C8 /* ISViewPager.swift in Sources */ = {isa = PBXBuildFile; fileRef = 5170D16C20118C0A005BA9C8 /* ISViewPager.swift */; };
		5170D1702011CD88005BA9C8 /* SocketConn.swift in Sources */ = {isa = PBXBuildFile; fileRef = 5170D16F2011CD88005BA9C8 /* SocketConn.swift */; };
		5170D17C2014CF9E005BA9C8 /* ProjectInfoViewController.swift in Sources */ = {isa = PBXBuildFile; fileRef = 5170D17B2014CF9E005BA9C8 /* ProjectInfoViewController.swift */; };
		517E7F1720AAEBB300158D0B /* ShowProjectInfo.swift in Sources */ = {isa = PBXBuildFile; fileRef = 517E7F1620AAEBB300158D0B /* ShowProjectInfo.swift */; };
		519FF144204E7E7A000934C6 /* ProjectWorkingMode.swift in Sources */ = {isa = PBXBuildFile; fileRef = 519FF143204E7E7A000934C6 /* ProjectWorkingMode.swift */; };
		51A68BA7200C9CB60046A5E6 /* UserRetrieveViewController.swift in Sources */ = {isa = PBXBuildFile; fileRef = 51A68BA6200C9CB60046A5E6 /* UserRetrieveViewController.swift */; };
		51A68BA9200CA7130046A5E6 /* DropBoxView.swift in Sources */ = {isa = PBXBuildFile; fileRef = 51A68BA8200CA7120046A5E6 /* DropBoxView.swift */; };
		51BB0CA020AEB009001A99D4 /* DeviceListFragment.swift in Sources */ = {isa = PBXBuildFile; fileRef = 51BB0C9F20AEB009001A99D4 /* DeviceListFragment.swift */; };
		51BB0CA220AEB711001A99D4 /* RunningDataFragment.swift in Sources */ = {isa = PBXBuildFile; fileRef = 51BB0CA120AEB711001A99D4 /* RunningDataFragment.swift */; };
		51D205642005F255008763B9 /* AppDelegate.swift in Sources */ = {isa = PBXBuildFile; fileRef = 51D205632005F255008763B9 /* AppDelegate.swift */; };
		51D205662005F255008763B9 /* LoginViewController.swift in Sources */ = {isa = PBXBuildFile; fileRef = 51D205652005F255008763B9 /* LoginViewController.swift */; };
		51D205692005F255008763B9 /* Main.storyboard in Resources */ = {isa = PBXBuildFile; fileRef = 51D205672005F255008763B9 /* Main.storyboard */; };
		51D2056B2005F255008763B9 /* Assets.xcassets in Resources */ = {isa = PBXBuildFile; fileRef = 51D2056A2005F255008763B9 /* Assets.xcassets */; };
		51D2056E2005F255008763B9 /* LaunchScreen.storyboard in Resources */ = {isa = PBXBuildFile; fileRef = 51D2056C2005F255008763B9 /* LaunchScreen.storyboard */; };
		51D205792005F255008763B9 /* ShowCollectDataTests.swift in Sources */ = {isa = PBXBuildFile; fileRef = 51D205782005F255008763B9 /* ShowCollectDataTests.swift */; };
		51D205842005F255008763B9 /* ShowCollectDataUITests.swift in Sources */ = {isa = PBXBuildFile; fileRef = 51D205832005F255008763B9 /* ShowCollectDataUITests.swift */; };
		51E3215720AFC63C00B650C0 /* MyGifView.swift in Sources */ = {isa = PBXBuildFile; fileRef = 51E3215620AFC63C00B650C0 /* MyGifView.swift */; };
		51E3217320AFC81900B650C0 /* arrowdown.png in Resources */ = {isa = PBXBuildFile; fileRef = 51E3215A20AFC81600B650C0 /* arrowdown.png */; };
		51E3217420AFC81900B650C0 /* battery_good.gif in Resources */ = {isa = PBXBuildFile; fileRef = 51E3215B20AFC81600B650C0 /* battery_good.gif */; };
		51E3217520AFC81900B650C0 /* arrownew_right.png in Resources */ = {isa = PBXBuildFile; fileRef = 51E3215C20AFC81600B650C0 /* arrownew_right.png */; };
		51E3217620AFC81900B650C0 /* ic_name.gif in Resources */ = {isa = PBXBuildFile; fileRef = 51E3215D20AFC81600B650C0 /* ic_name.gif */; };
		51E3217720AFC81900B650C0 /* battery_pack.gif in Resources */ = {isa = PBXBuildFile; fileRef = 51E3215E20AFC81600B650C0 /* battery_pack.gif */; };
		51E3217820AFC81900B650C0 /* waterpump_bad.gif in Resources */ = {isa = PBXBuildFile; fileRef = 51E3215F20AFC81700B650C0 /* waterpump_bad.gif */; };
		51E3217920AFC81900B650C0 /* bakwaterpump_bad.gif in Resources */ = {isa = PBXBuildFile; fileRef = 51E3216020AFC81700B650C0 /* bakwaterpump_bad.gif */; };
		51E3217A20AFC81900B650C0 /* fan_good.gif in Resources */ = {isa = PBXBuildFile; fileRef = 51E3216120AFC81700B650C0 /* fan_good.gif */; };
		51E3217B20AFC81900B650C0 /* bakwaterpump_stop.gif in Resources */ = {isa = PBXBuildFile; fileRef = 51E3216220AFC81700B650C0 /* bakwaterpump_stop.gif */; };
		51E3217C20AFC81900B650C0 /* solar_sewage_controller.gif in Resources */ = {isa = PBXBuildFile; fileRef = 51E3216320AFC81700B650C0 /* solar_sewage_controller.gif */; };
		51E3217D20AFC81900B650C0 /* bakwaterpump_good.gif in Resources */ = {isa = PBXBuildFile; fileRef = 51E3216420AFC81700B650C0 /* bakwaterpump_good.gif */; };
		51E3217E20AFC81900B650C0 /* battery_bad.gif in Resources */ = {isa = PBXBuildFile; fileRef = 51E3216520AFC81700B650C0 /* battery_bad.gif */; };
		51E3217F20AFC81900B650C0 /* ic_passwd.gif in Resources */ = {isa = PBXBuildFile; fileRef = 51E3216620AFC81700B650C0 /* ic_passwd.gif */; };
		51E3218020AFC81900B650C0 /* fan_bad.gif in Resources */ = {isa = PBXBuildFile; fileRef = 51E3216720AFC81800B650C0 /* fan_bad.gif */; };
		51E3218120AFC81900B650C0 /* horizontalline.png in Resources */ = {isa = PBXBuildFile; fileRef = 51E3216820AFC81800B650C0 /* horizontalline.png */; };
		51E3218220AFC81900B650C0 /* waterpump_good.gif in Resources */ = {isa = PBXBuildFile; fileRef = 51E3216920AFC81800B650C0 /* waterpump_good.gif */; };
		51E3218320AFC81900B650C0 /* arrownew_left.png in Resources */ = {isa = PBXBuildFile; fileRef = 51E3216A20AFC81800B650C0 /* arrownew_left.png */; };
		51E3218420AFC81900B650C0 /* fan_stop.gif in Resources */ = {isa = PBXBuildFile; fileRef = 51E3216B20AFC81800B650C0 /* fan_stop.gif */; };
		51E3218520AFC81900B650C0 /* bakfan_bad.gif in Resources */ = {isa = PBXBuildFile; fileRef = 51E3216C20AFC81800B650C0 /* bakfan_bad.gif */; };
		51E3218620AFC81900B650C0 /* waterpump_stop.gif in Resources */ = {isa = PBXBuildFile; fileRef = 51E3216D20AFC81800B650C0 /* waterpump_stop.gif */; };
		51E3218720AFC81900B650C0 /* solar_sewage_controller_bad.gif in Resources */ = {isa = PBXBuildFile; fileRef = 51E3216E20AFC81900B650C0 /* solar_sewage_controller_bad.gif */; };
		51E3218820AFC81900B650C0 /* bakfan_stop.gif in Resources */ = {isa = PBXBuildFile; fileRef = 51E3216F20AFC81900B650C0 /* bakfan_stop.gif */; };
		51E3218920AFC81900B650C0 /* solar_sewage_controller_good.gif in Resources */ = {isa = PBXBuildFile; fileRef = 51E3217020AFC81900B650C0 /* solar_sewage_controller_good.gif */; };
		51E3218A20AFC81900B650C0 /* bakfan_good.gif in Resources */ = {isa = PBXBuildFile; fileRef = 51E3217120AFC81900B650C0 /* bakfan_good.gif */; };
		51E3218B20AFC81900B650C0 /* verticalline.png in Resources */ = {isa = PBXBuildFile; fileRef = 51E3217220AFC81900B650C0 /* verticalline.png */; };
		51E3EDD320490118003F8903 /* InfoView.swift in Sources */ = {isa = PBXBuildFile; fileRef = 51E3EDD220490118003F8903 /* InfoView.swift */; };
		51E3EDD5204E66FC003F8903 /* GlobalVar.swift in Sources */ = {isa = PBXBuildFile; fileRef = 51E3EDD4204E66FC003F8903 /* GlobalVar.swift */; };
		51F2C1CA20A583BA006F1A29 /* CoreLocation.framework in Frameworks */ = {isa = PBXBuildFile; fileRef = 51F2C1C920A583B9006F1A29 /* CoreLocation.framework */; };
		51F2C1CE20A583F4006F1A29 /* SystemConfiguration.framework in Frameworks */ = {isa = PBXBuildFile; fileRef = 51CC788B20A5497B00D055FB /* SystemConfiguration.framework */; };
		51F2C1CF20A58400006F1A29 /* CoreGraphics.framework in Frameworks */ = {isa = PBXBuildFile; fileRef = 51CC788D20A5498900D055FB /* CoreGraphics.framework */; };
		51F2C1D020A5840A006F1A29 /* Security.framework in Frameworks */ = {isa = PBXBuildFile; fileRef = 51CC788F20A5499400D055FB /* Security.framework */; };
		51F2C1D120A58418006F1A29 /* libsqlite3.0.tbd in Frameworks */ = {isa = PBXBuildFile; fileRef = 51CC789120A549BE00D055FB /* libsqlite3.0.tbd */; };
		51F2C1D220A58423006F1A29 /* CoreTelephony.framework in Frameworks */ = {isa = PBXBuildFile; fileRef = 51CC789320A549CF00D055FB /* CoreTelephony.framework */; };
		51F2C1E420A58662006F1A29 /* libcrypto.a in Frameworks */ = {isa = PBXBuildFile; fileRef = 51CC789C20A55EAB00D055FB /* libcrypto.a */; };
		51F2C1E520A58662006F1A29 /* libssl.a in Frameworks */ = {isa = PBXBuildFile; fileRef = 51CC789B20A55EAB00D055FB /* libssl.a */; };
		51F2C1E620A58690006F1A29 /* QuartzCore.framework in Frameworks */ = {isa = PBXBuildFile; fileRef = 51F2C1CB20A583CB006F1A29 /* QuartzCore.framework */; };
		51F2C1E720A5869F006F1A29 /* OpenGLES.framework in Frameworks */ = {isa = PBXBuildFile; fileRef = 51CC788920A5496A00D055FB /* OpenGLES.framework */; };
		51F5E1BA20AA81A100C69EC6 /* BaiduMapAPI_Location.framework in Frameworks */ = {isa = PBXBuildFile; fileRef = 51F5E1B620AA81A100C69EC6 /* BaiduMapAPI_Location.framework */; };
		51F5E1BB20AA81A100C69EC6 /* BaiduMapAPI_Map.framework in Frameworks */ = {isa = PBXBuildFile; fileRef = 51F5E1B720AA81A100C69EC6 /* BaiduMapAPI_Map.framework */; };
		51F5E1BC20AA81A100C69EC6 /* mapapi.bundle in Resources */ = {isa = PBXBuildFile; fileRef = 51F5E1B820AA81A100C69EC6 /* mapapi.bundle */; };
		51F5E1BD20AA81A100C69EC6 /* BaiduMapAPI_Base.framework in Frameworks */ = {isa = PBXBuildFile; fileRef = 51F5E1B920AA81A100C69EC6 /* BaiduMapAPI_Base.framework */; };
/* End PBXBuildFile section */

/* Begin PBXContainerItemProxy section */
		51D205752005F255008763B9 /* PBXContainerItemProxy */ = {
			isa = PBXContainerItemProxy;
			containerPortal = 51D205582005F254008763B9 /* Project object */;
			proxyType = 1;
			remoteGlobalIDString = 51D2055F2005F254008763B9;
			remoteInfo = GreanSourceManeger;
		};
		51D205802005F255008763B9 /* PBXContainerItemProxy */ = {
			isa = PBXContainerItemProxy;
			containerPortal = 51D205582005F254008763B9 /* Project object */;
			proxyType = 1;
			remoteGlobalIDString = 51D2055F2005F254008763B9;
			remoteInfo = GreanSourceManeger;
		};
/* End PBXContainerItemProxy section */

/* Begin PBXFileReference section */
		5103808B20ABFFE1007345B4 /* ShowDevice.swift */ = {isa = PBXFileReference; lastKnownFileType = sourcecode.swift; path = ShowDevice.swift; sourceTree = "<group>"; };
		5103808D20AC1443007345B4 /* DevicesTableViewCell.swift */ = {isa = PBXFileReference; lastKnownFileType = sourcecode.swift; path = DevicesTableViewCell.swift; sourceTree = "<group>"; };
		5103808E20AC1443007345B4 /* DevicesTableViewCell.xib */ = {isa = PBXFileReference; lastKnownFileType = file.xib; path = DevicesTableViewCell.xib; sourceTree = "<group>"; };
		5103809120AC15C8007345B4 /* DevicesTableView.swift */ = {isa = PBXFileReference; lastKnownFileType = sourcecode.swift; path = DevicesTableView.swift; sourceTree = "<group>"; };
		5103BEFC20BD3AE100F6B26A /* AuditingCell.swift */ = {isa = PBXFileReference; lastKnownFileType = sourcecode.swift; path = AuditingCell.swift; sourceTree = "<group>"; };
		5103BEFD20BD3AE100F6B26A /* AuditingCell.xib */ = {isa = PBXFileReference; lastKnownFileType = file.xib; path = AuditingCell.xib; sourceTree = "<group>"; };
		5103BF0020BD4B8D00F6B26A /* AuditingFragment.swift */ = {isa = PBXFileReference; lastKnownFileType = sourcecode.swift; path = AuditingFragment.swift; sourceTree = "<group>"; };
		5103BF0220BE4AC300F6B26A /* ShowPage.swift */ = {isa = PBXFileReference; lastKnownFileType = sourcecode.swift; path = ShowPage.swift; sourceTree = "<group>"; };
		5106FCB620B186ED009BAB2C /* solar_panel_good.png */ = {isa = PBXFileReference; lastKnownFileType = image.png; path = solar_panel_good.png; sourceTree = "<group>"; };
		5106FCB720B186ED009BAB2C /* solar_panel_bad.png */ = {isa = PBXFileReference; lastKnownFileType = image.png; path = solar_panel_bad.png; sourceTree = "<group>"; };
		5109A4992045478300986733 /* Popover.swift */ = {isa = PBXFileReference; fileEncoding = 4; lastKnownFileType = sourcecode.swift; path = Popover.swift; sourceTree = "<group>"; };
		511F6AA52015724800C47096 /* ShowAccount.swift */ = {isa = PBXFileReference; lastKnownFileType = sourcecode.swift; path = ShowAccount.swift; sourceTree = "<group>"; };
		511F85E720075291008CA05A /* RegisterViewController.swift */ = {isa = PBXFileReference; lastKnownFileType = sourcecode.swift; path = RegisterViewController.swift; sourceTree = "<group>"; };
		511F85E920078CA9008CA05A /* tableItemView.swift */ = {isa = PBXFileReference; lastKnownFileType = sourcecode.swift; path = tableItemView.swift; sourceTree = "<group>"; };
		5125781D20452E7800344B60 /* BaseItem.swift */ = {isa = PBXFileReference; lastKnownFileType = sourcecode.swift; path = BaseItem.swift; sourceTree = "<group>"; };
		5125781F2045315B00344B60 /* TreeTableView.swift */ = {isa = PBXFileReference; lastKnownFileType = sourcecode.swift; path = TreeTableView.swift; sourceTree = "<group>"; };
		512578212045317800344B60 /* TreeTableViewCell.swift */ = {isa = PBXFileReference; lastKnownFileType = sourcecode.swift; path = TreeTableViewCell.swift; sourceTree = "<group>"; };
		512578222045317900344B60 /* TreeTableViewCell.xib */ = {isa = PBXFileReference; lastKnownFileType = file.xib; path = TreeTableViewCell.xib; sourceTree = "<group>"; };
		512578262045354F00344B60 /* tree_ec.png */ = {isa = PBXFileReference; lastKnownFileType = image.png; path = tree_ec.png; sourceTree = "<group>"; };
		512578272045354F00344B60 /* tree_ex.png */ = {isa = PBXFileReference; lastKnownFileType = image.png; path = tree_ex.png; sourceTree = "<group>"; };
		512E654B2009D47500478420 /* ColorUtils.swift */ = {isa = PBXFileReference; lastKnownFileType = sourcecode.swift; path = ColorUtils.swift; sourceTree = "<group>"; };
		512E654D2009F3F800478420 /* UserBaseController.swift */ = {isa = PBXFileReference; lastKnownFileType = sourcecode.swift; path = UserBaseController.swift; sourceTree = "<group>"; };
		513A458020B26AA8008FB23B /* battery4.gif */ = {isa = PBXFileReference; lastKnownFileType = image.gif; path = battery4.gif; sourceTree = "<group>"; };
		513A458120B26AA8008FB23B /* battery1.gif */ = {isa = PBXFileReference; lastKnownFileType = image.gif; path = battery1.gif; sourceTree = "<group>"; };
		513A458220B26AA9008FB23B /* battery0.gif */ = {isa = PBXFileReference; lastKnownFileType = image.gif; path = battery0.gif; sourceTree = "<group>"; };
		513A458320B26AA9008FB23B /* battery2.gif */ = {isa = PBXFileReference; lastKnownFileType = image.gif; path = battery2.gif; sourceTree = "<group>"; };
		513A458420B26AAA008FB23B /* battery5.gif */ = {isa = PBXFileReference; lastKnownFileType = image.gif; path = battery5.gif; sourceTree = "<group>"; };
		513A458520B26AAA008FB23B /* battery3.gif */ = {isa = PBXFileReference; lastKnownFileType = image.gif; path = battery3.gif; sourceTree = "<group>"; };
		513D7AEF201836A600F6DA4C /* ConnectAPI.swift */ = {isa = PBXFileReference; lastKnownFileType = sourcecode.swift; path = ConnectAPI.swift; sourceTree = "<group>"; };
		513D7AFE2018628000F6DA4C /* GCDAsyncSocket.h */ = {isa = PBXFileReference; fileEncoding = 4; lastKnownFileType = sourcecode.c.h; path = GCDAsyncSocket.h; sourceTree = "<group>"; };
		513D7AFF2018628000F6DA4C /* GCDAsyncSocket.m */ = {isa = PBXFileReference; fileEncoding = 4; lastKnownFileType = sourcecode.c.objc; path = GCDAsyncSocket.m; sourceTree = "<group>"; };
		513D7B01201862AD00F6DA4C /* ShowCollectData-Bridging-Header.h */ = {isa = PBXFileReference; lastKnownFileType = sourcecode.c.h; path = "ShowCollectData-Bridging-Header.h"; sourceTree = "<group>"; };
		513D7B0320186CD700F6DA4C /* BaseData.swift */ = {isa = PBXFileReference; lastKnownFileType = sourcecode.swift; path = BaseData.swift; sourceTree = "<group>"; };
		513D7B0520186E2A00F6DA4C /* JSONUtils.swift */ = {isa = PBXFileReference; lastKnownFileType = sourcecode.swift; path = JSONUtils.swift; sourceTree = "<group>"; };
		513D7B0A2018703800F6DA4C /* MsgProtocol.swift */ = {isa = PBXFileReference; lastKnownFileType = sourcecode.swift; path = MsgProtocol.swift; sourceTree = "<group>"; };
		513D7B0C2018790C00F6DA4C /* ClientRequest.swift */ = {isa = PBXFileReference; lastKnownFileType = sourcecode.swift; path = ClientRequest.swift; sourceTree = "<group>"; };
		513D7B0E2018831A00F6DA4C /* StringUtils.swift */ = {isa = PBXFileReference; lastKnownFileType = sourcecode.swift; path = StringUtils.swift; sourceTree = "<group>"; };
		513E7984204F8A32009E799F /* AddressPickerView.swift */ = {isa = PBXFileReference; lastKnownFileType = sourcecode.swift; path = AddressPickerView.swift; sourceTree = "<group>"; };
		513E798620514BF9009E799F /* ShowVCode.swift */ = {isa = PBXFileReference; lastKnownFileType = sourcecode.swift; path = ShowVCode.swift; sourceTree = "<group>"; };
		513E7988205628DA009E799F /* ShowResponse.swift */ = {isa = PBXFileReference; lastKnownFileType = sourcecode.swift; path = ShowResponse.swift; sourceTree = "<group>"; };
		513EEE06203FA64200F49CDB /* RunningStateViewController.swift */ = {isa = PBXFileReference; lastKnownFileType = sourcecode.swift; path = RunningStateViewController.swift; sourceTree = "<group>"; };
		513EEE08203FAB0C00F49CDB /* RunningDataViewController.swift */ = {isa = PBXFileReference; lastKnownFileType = sourcecode.swift; path = RunningDataViewController.swift; sourceTree = "<group>"; };
		513EEE0A203FAB9800F49CDB /* ProjectAddViewController.swift */ = {isa = PBXFileReference; lastKnownFileType = sourcecode.swift; path = ProjectAddViewController.swift; sourceTree = "<group>"; };
		513EEE0C203FAE2100F49CDB /* ProjectModifyViewController.swift */ = {isa = PBXFileReference; lastKnownFileType = sourcecode.swift; path = ProjectModifyViewController.swift; sourceTree = "<group>"; };
		513EEE0E203FAE4200F49CDB /* DeviceModifyViewController.swift */ = {isa = PBXFileReference; lastKnownFileType = sourcecode.swift; path = DeviceModifyViewController.swift; sourceTree = "<group>"; };
		513EEE10203FAF7100F49CDB /* MaintainerModifyViewController.swift */ = {isa = PBXFileReference; lastKnownFileType = sourcecode.swift; path = MaintainerModifyViewController.swift; sourceTree = "<group>"; };
		513EEE12203FAF9500F49CDB /* InfoRefindViewController.swift */ = {isa = PBXFileReference; lastKnownFileType = sourcecode.swift; path = InfoRefindViewController.swift; sourceTree = "<group>"; };
		513EEE1420410CF000F49CDB /* MainViewController.swift */ = {isa = PBXFileReference; lastKnownFileType = sourcecode.swift; path = MainViewController.swift; sourceTree = "<group>"; };
		513EEE1720439F5100F49CDB /* AddressUtils.swift */ = {isa = PBXFileReference; lastKnownFileType = sourcecode.swift; path = AddressUtils.swift; sourceTree = "<group>"; };
		513EEE1920439F8D00F49CDB /* AddressItem.swift */ = {isa = PBXFileReference; lastKnownFileType = sourcecode.swift; path = AddressItem.swift; sourceTree = "<group>"; };
		513EEE1B2043A4DE00F49CDB /* address.txt */ = {isa = PBXFileReference; fileEncoding = 4; lastKnownFileType = text; path = address.txt; sourceTree = "<group>"; };
		5141864020A2EB0700EBC67B /* ShowDevConfig.swift */ = {isa = PBXFileReference; lastKnownFileType = sourcecode.swift; path = ShowDevConfig.swift; sourceTree = "<group>"; };
		51594DC520B3C13C00BBD7D0 /* TimeCollectionViewCell.swift */ = {isa = PBXFileReference; lastKnownFileType = sourcecode.swift; path = TimeCollectionViewCell.swift; sourceTree = "<group>"; };
		51594DC620B3C13C00BBD7D0 /* TimeCollectionViewCell.xib */ = {isa = PBXFileReference; lastKnownFileType = file.xib; path = TimeCollectionViewCell.xib; sourceTree = "<group>"; };
		51594DC920B3C48A00BBD7D0 /* TimingRunFragment.swift */ = {isa = PBXFileReference; lastKnownFileType = sourcecode.swift; path = TimingRunFragment.swift; sourceTree = "<group>"; };
		51594DCB20B3F58100BBD7D0 /* EmergencyFragment.swift */ = {isa = PBXFileReference; lastKnownFileType = sourcecode.swift; path = EmergencyFragment.swift; sourceTree = "<group>"; };
		51594DCD20B428B100BBD7D0 /* DateUtils.swift */ = {isa = PBXFileReference; lastKnownFileType = sourcecode.swift; path = DateUtils.swift; sourceTree = "<group>"; };
		516322AC20AD2CD3009FFCA4 /* ShowDeviceData.swift */ = {isa = PBXFileReference; lastKnownFileType = sourcecode.swift; path = ShowDeviceData.swift; sourceTree = "<group>"; };
		516D8AC22019ADF10030B4A2 /* ShowMessage.swift */ = {isa = PBXFileReference; lastKnownFileType = sourcecode.swift; path = ShowMessage.swift; sourceTree = "<group>"; };
		516D8AC42019BFA90030B4A2 /* ShowLocation.swift */ = {isa = PBXFileReference; lastKnownFileType = sourcecode.swift; path = ShowLocation.swift; sourceTree = "<group>"; };
		516D8AC62019C07E0030B4A2 /* ShowProject.swift */ = {isa = PBXFileReference; lastKnownFileType = sourcecode.swift; path = ShowProject.swift; sourceTree = "<group>"; };
		516D8AC8201B09EF0030B4A2 /* TGCToastView.swift */ = {isa = PBXFileReference; lastKnownFileType = sourcecode.swift; path = TGCToastView.swift; sourceTree = "<group>"; };
		516D8ACA201EC2A40030B4A2 /* ToastHelper.swift */ = {isa = PBXFileReference; lastKnownFileType = sourcecode.swift; path = ToastHelper.swift; sourceTree = "<group>"; };
		5170D15D201022C1005BA9C8 /* BasePageViewController.swift */ = {isa = PBXFileReference; lastKnownFileType = sourcecode.swift; path = BasePageViewController.swift; sourceTree = "<group>"; };
		5170D16C20118C0A005BA9C8 /* ISViewPager.swift */ = {isa = PBXFileReference; lastKnownFileType = sourcecode.swift; path = ISViewPager.swift; sourceTree = "<group>"; };
		5170D16F2011CD88005BA9C8 /* SocketConn.swift */ = {isa = PBXFileReference; lastKnownFileType = sourcecode.swift; path = SocketConn.swift; sourceTree = "<group>"; };
		5170D17B2014CF9E005BA9C8 /* ProjectInfoViewController.swift */ = {isa = PBXFileReference; lastKnownFileType = sourcecode.swift; path = ProjectInfoViewController.swift; sourceTree = "<group>"; };
		517E7F1620AAEBB300158D0B /* ShowProjectInfo.swift */ = {isa = PBXFileReference; lastKnownFileType = sourcecode.swift; path = ShowProjectInfo.swift; sourceTree = "<group>"; };
		519FF143204E7E7A000934C6 /* ProjectWorkingMode.swift */ = {isa = PBXFileReference; lastKnownFileType = sourcecode.swift; path = ProjectWorkingMode.swift; sourceTree = "<group>"; };
		51A68BA6200C9CB60046A5E6 /* UserRetrieveViewController.swift */ = {isa = PBXFileReference; lastKnownFileType = sourcecode.swift; path = UserRetrieveViewController.swift; sourceTree = "<group>"; };
		51A68BA8200CA7120046A5E6 /* DropBoxView.swift */ = {isa = PBXFileReference; lastKnownFileType = sourcecode.swift; path = DropBoxView.swift; sourceTree = "<group>"; };
		51BB0C9F20AEB009001A99D4 /* DeviceListFragment.swift */ = {isa = PBXFileReference; lastKnownFileType = sourcecode.swift; path = DeviceListFragment.swift; sourceTree = "<group>"; };
		51BB0CA120AEB711001A99D4 /* RunningDataFragment.swift */ = {isa = PBXFileReference; lastKnownFileType = sourcecode.swift; path = RunningDataFragment.swift; sourceTree = "<group>"; };
		51CC788920A5496A00D055FB /* OpenGLES.framework */ = {isa = PBXFileReference; lastKnownFileType = wrapper.framework; name = OpenGLES.framework; path = System/Library/Frameworks/OpenGLES.framework; sourceTree = SDKROOT; };
		51CC788B20A5497B00D055FB /* SystemConfiguration.framework */ = {isa = PBXFileReference; lastKnownFileType = wrapper.framework; name = SystemConfiguration.framework; path = System/Library/Frameworks/SystemConfiguration.framework; sourceTree = SDKROOT; };
		51CC788D20A5498900D055FB /* CoreGraphics.framework */ = {isa = PBXFileReference; lastKnownFileType = wrapper.framework; name = CoreGraphics.framework; path = System/Library/Frameworks/CoreGraphics.framework; sourceTree = SDKROOT; };
		51CC788F20A5499400D055FB /* Security.framework */ = {isa = PBXFileReference; lastKnownFileType = wrapper.framework; name = Security.framework; path = System/Library/Frameworks/Security.framework; sourceTree = SDKROOT; };
		51CC789120A549BE00D055FB /* libsqlite3.0.tbd */ = {isa = PBXFileReference; lastKnownFileType = "sourcecode.text-based-dylib-definition"; name = libsqlite3.0.tbd; path = usr/lib/libsqlite3.0.tbd; sourceTree = SDKROOT; };
		51CC789320A549CF00D055FB /* CoreTelephony.framework */ = {isa = PBXFileReference; lastKnownFileType = wrapper.framework; name = CoreTelephony.framework; path = System/Library/Frameworks/CoreTelephony.framework; sourceTree = SDKROOT; };
		51CC789520A549DC00D055FB /* libstdc++.6.0.9.tbd */ = {isa = PBXFileReference; lastKnownFileType = "sourcecode.text-based-dylib-definition"; name = "libstdc++.6.0.9.tbd"; path = "usr/lib/libstdc++.6.0.9.tbd"; sourceTree = SDKROOT; };
		51CC789720A55D9D00D055FB /* libcrypto.a */ = {isa = PBXFileReference; lastKnownFileType = archive.ar; name = libcrypto.a; path = ../../../Downloads/BaiduMap_IOSSDK_v4.0.0/thirdlibs/libcrypto.a; sourceTree = "<group>"; };
		51CC789820A55D9D00D055FB /* libssl.a */ = {isa = PBXFileReference; lastKnownFileType = archive.ar; name = libssl.a; path = ../../../Downloads/BaiduMap_IOSSDK_v4.0.0/thirdlibs/libssl.a; sourceTree = "<group>"; };
		51CC789B20A55EAB00D055FB /* libssl.a */ = {isa = PBXFileReference; lastKnownFileType = archive.ar; name = libssl.a; path = ShowCollectData/thirdlibs/libssl.a; sourceTree = "<group>"; };
		51CC789C20A55EAB00D055FB /* libcrypto.a */ = {isa = PBXFileReference; lastKnownFileType = archive.ar; name = libcrypto.a; path = ShowCollectData/thirdlibs/libcrypto.a; sourceTree = "<group>"; };
		51D205602005F255008763B9 /* ShowCollectData.app */ = {isa = PBXFileReference; explicitFileType = wrapper.application; includeInIndex = 0; path = ShowCollectData.app; sourceTree = BUILT_PRODUCTS_DIR; };
		51D205632005F255008763B9 /* AppDelegate.swift */ = {isa = PBXFileReference; lastKnownFileType = sourcecode.swift; path = AppDelegate.swift; sourceTree = "<group>"; };
		51D205652005F255008763B9 /* LoginViewController.swift */ = {isa = PBXFileReference; lastKnownFileType = sourcecode.swift; path = LoginViewController.swift; sourceTree = "<group>"; };
		51D205682005F255008763B9 /* Base */ = {isa = PBXFileReference; lastKnownFileType = file.storyboard; name = Base; path = Base.lproj/Main.storyboard; sourceTree = "<group>"; };
		51D2056A2005F255008763B9 /* Assets.xcassets */ = {isa = PBXFileReference; lastKnownFileType = folder.assetcatalog; path = Assets.xcassets; sourceTree = "<group>"; };
		51D2056D2005F255008763B9 /* Base */ = {isa = PBXFileReference; lastKnownFileType = file.storyboard; name = Base; path = Base.lproj/LaunchScreen.storyboard; sourceTree = "<group>"; };
		51D2056F2005F255008763B9 /* Info.plist */ = {isa = PBXFileReference; lastKnownFileType = text.plist; path = Info.plist; sourceTree = "<group>"; };
		51D205742005F255008763B9 /* ShowCollectDataTests.xctest */ = {isa = PBXFileReference; explicitFileType = wrapper.cfbundle; includeInIndex = 0; path = ShowCollectDataTests.xctest; sourceTree = BUILT_PRODUCTS_DIR; };
		51D205782005F255008763B9 /* ShowCollectDataTests.swift */ = {isa = PBXFileReference; lastKnownFileType = sourcecode.swift; path = ShowCollectDataTests.swift; sourceTree = "<group>"; };
		51D2057A2005F255008763B9 /* Info.plist */ = {isa = PBXFileReference; lastKnownFileType = text.plist.xml; path = Info.plist; sourceTree = "<group>"; };
		51D2057F2005F255008763B9 /* ShowCollectDataUITests.xctest */ = {isa = PBXFileReference; explicitFileType = wrapper.cfbundle; includeInIndex = 0; path = ShowCollectDataUITests.xctest; sourceTree = BUILT_PRODUCTS_DIR; };
		51D205832005F255008763B9 /* ShowCollectDataUITests.swift */ = {isa = PBXFileReference; lastKnownFileType = sourcecode.swift; path = ShowCollectDataUITests.swift; sourceTree = "<group>"; };
		51D205852005F255008763B9 /* Info.plist */ = {isa = PBXFileReference; lastKnownFileType = text.plist.xml; path = Info.plist; sourceTree = "<group>"; };
		51E3215620AFC63C00B650C0 /* MyGifView.swift */ = {isa = PBXFileReference; fileEncoding = 4; lastKnownFileType = sourcecode.swift; path = MyGifView.swift; sourceTree = "<group>"; };
		51E3215A20AFC81600B650C0 /* arrowdown.png */ = {isa = PBXFileReference; lastKnownFileType = image.png; path = arrowdown.png; sourceTree = "<group>"; };
		51E3215B20AFC81600B650C0 /* battery_good.gif */ = {isa = PBXFileReference; lastKnownFileType = image.gif; path = battery_good.gif; sourceTree = "<group>"; };
		51E3215C20AFC81600B650C0 /* arrownew_right.png */ = {isa = PBXFileReference; lastKnownFileType = image.png; path = arrownew_right.png; sourceTree = "<group>"; };
		51E3215D20AFC81600B650C0 /* ic_name.gif */ = {isa = PBXFileReference; lastKnownFileType = image.gif; path = ic_name.gif; sourceTree = "<group>"; };
		51E3215E20AFC81600B650C0 /* battery_pack.gif */ = {isa = PBXFileReference; lastKnownFileType = image.gif; path = battery_pack.gif; sourceTree = "<group>"; };
		51E3215F20AFC81700B650C0 /* waterpump_bad.gif */ = {isa = PBXFileReference; lastKnownFileType = image.gif; path = waterpump_bad.gif; sourceTree = "<group>"; };
		51E3216020AFC81700B650C0 /* bakwaterpump_bad.gif */ = {isa = PBXFileReference; lastKnownFileType = image.gif; path = bakwaterpump_bad.gif; sourceTree = "<group>"; };
		51E3216120AFC81700B650C0 /* fan_good.gif */ = {isa = PBXFileReference; lastKnownFileType = image.gif; path = fan_good.gif; sourceTree = "<group>"; };
		51E3216220AFC81700B650C0 /* bakwaterpump_stop.gif */ = {isa = PBXFileReference; lastKnownFileType = image.gif; path = bakwaterpump_stop.gif; sourceTree = "<group>"; };
		51E3216320AFC81700B650C0 /* solar_sewage_controller.gif */ = {isa = PBXFileReference; lastKnownFileType = image.gif; path = solar_sewage_controller.gif; sourceTree = "<group>"; };
		51E3216420AFC81700B650C0 /* bakwaterpump_good.gif */ = {isa = PBXFileReference; lastKnownFileType = image.gif; path = bakwaterpump_good.gif; sourceTree = "<group>"; };
		51E3216520AFC81700B650C0 /* battery_bad.gif */ = {isa = PBXFileReference; lastKnownFileType = image.gif; path = battery_bad.gif; sourceTree = "<group>"; };
		51E3216620AFC81700B650C0 /* ic_passwd.gif */ = {isa = PBXFileReference; lastKnownFileType = image.gif; path = ic_passwd.gif; sourceTree = "<group>"; };
		51E3216720AFC81800B650C0 /* fan_bad.gif */ = {isa = PBXFileReference; lastKnownFileType = image.gif; path = fan_bad.gif; sourceTree = "<group>"; };
		51E3216820AFC81800B650C0 /* horizontalline.png */ = {isa = PBXFileReference; lastKnownFileType = image.png; path = horizontalline.png; sourceTree = "<group>"; };
		51E3216920AFC81800B650C0 /* waterpump_good.gif */ = {isa = PBXFileReference; lastKnownFileType = image.gif; path = waterpump_good.gif; sourceTree = "<group>"; };
		51E3216A20AFC81800B650C0 /* arrownew_left.png */ = {isa = PBXFileReference; lastKnownFileType = image.png; path = arrownew_left.png; sourceTree = "<group>"; };
		51E3216B20AFC81800B650C0 /* fan_stop.gif */ = {isa = PBXFileReference; lastKnownFileType = image.gif; path = fan_stop.gif; sourceTree = "<group>"; };
		51E3216C20AFC81800B650C0 /* bakfan_bad.gif */ = {isa = PBXFileReference; lastKnownFileType = image.gif; path = bakfan_bad.gif; sourceTree = "<group>"; };
		51E3216D20AFC81800B650C0 /* waterpump_stop.gif */ = {isa = PBXFileReference; lastKnownFileType = image.gif; path = waterpump_stop.gif; sourceTree = "<group>"; };
		51E3216E20AFC81900B650C0 /* solar_sewage_controller_bad.gif */ = {isa = PBXFileReference; lastKnownFileType = image.gif; path = solar_sewage_controller_bad.gif; sourceTree = "<group>"; };
		51E3216F20AFC81900B650C0 /* bakfan_stop.gif */ = {isa = PBXFileReference; lastKnownFileType = image.gif; path = bakfan_stop.gif; sourceTree = "<group>"; };
		51E3217020AFC81900B650C0 /* solar_sewage_controller_good.gif */ = {isa = PBXFileReference; lastKnownFileType = image.gif; path = solar_sewage_controller_good.gif; sourceTree = "<group>"; };
		51E3217120AFC81900B650C0 /* bakfan_good.gif */ = {isa = PBXFileReference; lastKnownFileType = image.gif; path = bakfan_good.gif; sourceTree = "<group>"; };
		51E3217220AFC81900B650C0 /* verticalline.png */ = {isa = PBXFileReference; lastKnownFileType = image.png; path = verticalline.png; sourceTree = "<group>"; };
		51E3EDD220490118003F8903 /* InfoView.swift */ = {isa = PBXFileReference; lastKnownFileType = sourcecode.swift; path = InfoView.swift; sourceTree = "<group>"; };
		51E3EDD4204E66FC003F8903 /* GlobalVar.swift */ = {isa = PBXFileReference; lastKnownFileType = sourcecode.swift; path = GlobalVar.swift; sourceTree = "<group>"; };
		51F2C1C920A583B9006F1A29 /* CoreLocation.framework */ = {isa = PBXFileReference; lastKnownFileType = wrapper.framework; name = CoreLocation.framework; path = System/Library/Frameworks/CoreLocation.framework; sourceTree = SDKROOT; };
		51F2C1CB20A583CB006F1A29 /* QuartzCore.framework */ = {isa = PBXFileReference; lastKnownFileType = wrapper.framework; name = QuartzCore.framework; path = System/Library/Frameworks/QuartzCore.framework; sourceTree = SDKROOT; };
		51F2C1E820A5882A006F1A29 /* libstdc++.tbd */ = {isa = PBXFileReference; lastKnownFileType = "sourcecode.text-based-dylib-definition"; name = "libstdc++.tbd"; path = "usr/lib/libstdc++.tbd"; sourceTree = SDKROOT; };
		51F5E1B620AA81A100C69EC6 /* BaiduMapAPI_Location.framework */ = {isa = PBXFileReference; lastKnownFileType = wrapper.framework; path = BaiduMapAPI_Location.framework; sourceTree = "<group>"; };
		51F5E1B720AA81A100C69EC6 /* BaiduMapAPI_Map.framework */ = {isa = PBXFileReference; lastKnownFileType = wrapper.framework; path = BaiduMapAPI_Map.framework; sourceTree = "<group>"; };
		51F5E1B820AA81A100C69EC6 /* mapapi.bundle */ = {isa = PBXFileReference; lastKnownFileType = "wrapper.plug-in"; path = mapapi.bundle; sourceTree = "<group>"; };
		51F5E1B920AA81A100C69EC6 /* BaiduMapAPI_Base.framework */ = {isa = PBXFileReference; lastKnownFileType = wrapper.framework; path = BaiduMapAPI_Base.framework; sourceTree = "<group>"; };
/* End PBXFileReference section */

/* Begin PBXFrameworksBuildPhase section */
		51D2055D2005F254008763B9 /* Frameworks */ = {
			isa = PBXFrameworksBuildPhase;
			buildActionMask = 2147483647;
			files = (
				51F5E1BB20AA81A100C69EC6 /* BaiduMapAPI_Map.framework in Frameworks */,
				5115DA3020AA74E600AF5445 /* libstdc++.tbd in Frameworks */,
				51F2C1E720A5869F006F1A29 /* OpenGLES.framework in Frameworks */,
				51F2C1E620A58690006F1A29 /* QuartzCore.framework in Frameworks */,
				51F2C1E420A58662006F1A29 /* libcrypto.a in Frameworks */,
				51F2C1E520A58662006F1A29 /* libssl.a in Frameworks */,
				51F2C1D220A58423006F1A29 /* CoreTelephony.framework in Frameworks */,
				51F2C1D120A58418006F1A29 /* libsqlite3.0.tbd in Frameworks */,
				51F5E1BA20AA81A100C69EC6 /* BaiduMapAPI_Location.framework in Frameworks */,
				51F2C1D020A5840A006F1A29 /* Security.framework in Frameworks */,
				51F2C1CF20A58400006F1A29 /* CoreGraphics.framework in Frameworks */,
				51F5E1BD20AA81A100C69EC6 /* BaiduMapAPI_Base.framework in Frameworks */,
				51F2C1CE20A583F4006F1A29 /* SystemConfiguration.framework in Frameworks */,
				51F2C1CA20A583BA006F1A29 /* CoreLocation.framework in Frameworks */,
			);
			runOnlyForDeploymentPostprocessing = 0;
		};
		51D205712005F255008763B9 /* Frameworks */ = {
			isa = PBXFrameworksBuildPhase;
			buildActionMask = 2147483647;
			files = (
			);
			runOnlyForDeploymentPostprocessing = 0;
		};
		51D2057C2005F255008763B9 /* Frameworks */ = {
			isa = PBXFrameworksBuildPhase;
			buildActionMask = 2147483647;
			files = (
			);
			runOnlyForDeploymentPostprocessing = 0;
		};
/* End PBXFrameworksBuildPhase section */

/* Begin PBXGroup section */
		5103BEFB20BD362400F6B26A /* InfoAuditFragments */ = {
			isa = PBXGroup;
			children = (
				5103BEFC20BD3AE100F6B26A /* AuditingCell.swift */,
				5103BEFD20BD3AE100F6B26A /* AuditingCell.xib */,
				5103BF0020BD4B8D00F6B26A /* AuditingFragment.swift */,
			);
			name = InfoAuditFragments;
			sourceTree = "<group>";
		};
		511F6AA42015722500C47096 /* Common */ = {
			isa = PBXGroup;
			children = (
				513EEE1620439F2F00F49CDB /* Address */,
				513D7B0320186CD700F6DA4C /* BaseData.swift */,
				519FF143204E7E7A000934C6 /* ProjectWorkingMode.swift */,
				511F6AA52015724800C47096 /* ShowAccount.swift */,
				5141864020A2EB0700EBC67B /* ShowDevConfig.swift */,
				5103808B20ABFFE1007345B4 /* ShowDevice.swift */,
				516D8AC42019BFA90030B4A2 /* ShowLocation.swift */,
				516D8AC22019ADF10030B4A2 /* ShowMessage.swift */,
				516D8AC62019C07E0030B4A2 /* ShowProject.swift */,
				517E7F1620AAEBB300158D0B /* ShowProjectInfo.swift */,
				513E7988205628DA009E799F /* ShowResponse.swift */,
				513E798620514BF9009E799F /* ShowVCode.swift */,
				516322AC20AD2CD3009FFCA4 /* ShowDeviceData.swift */,
				5103BF0220BE4AC300F6B26A /* ShowPage.swift */,
			);
			path = Common;
			sourceTree = "<group>";
		};
		511F85E5200750F3008CA05A /* Views */ = {
			isa = PBXGroup;
			children = (
				513D7B0920186FB800F6DA4C /* CustomWidgets */,
				513D7B0820186F8200F6DA4C /* MainViews */,
				513D7B0720186F2900F6DA4C /* UserViews */,
			);
			path = Views;
			sourceTree = "<group>";
		};
		511F85E620075141008CA05A /* StoryBoards */ = {
			isa = PBXGroup;
			children = (
				51D2056C2005F255008763B9 /* LaunchScreen.storyboard */,
				51D205672005F255008763B9 /* Main.storyboard */,
			);
			path = StoryBoards;
			sourceTree = "<group>";
		};
		512578252045352700344B60 /* Asserts */ = {
			isa = PBXGroup;
			children = (
				51E3215920AFC78600B650C0 /* RunningDataImages */,
				512578262045354F00344B60 /* tree_ec.png */,
				512578272045354F00344B60 /* tree_ex.png */,
			);
			name = Asserts;
			sourceTree = "<group>";
		};
		512E65482008986300478420 /* Utils */ = {
			isa = PBXGroup;
			children = (
				512E654B2009D47500478420 /* ColorUtils.swift */,
				516D8ACA201EC2A40030B4A2 /* ToastHelper.swift */,
				513D7B0E2018831A00F6DA4C /* StringUtils.swift */,
				51E3EDD4204E66FC003F8903 /* GlobalVar.swift */,
				513D7B0520186E2A00F6DA4C /* JSONUtils.swift */,
				51594DCD20B428B100BBD7D0 /* DateUtils.swift */,
			);
			path = Utils;
			sourceTree = "<group>";
		};
		513D7AFD2018626700F6DA4C /* GCDAsyncSocket */ = {
			isa = PBXGroup;
			children = (
				513D7AFE2018628000F6DA4C /* GCDAsyncSocket.h */,
				513D7AFF2018628000F6DA4C /* GCDAsyncSocket.m */,
				513D7B01201862AD00F6DA4C /* ShowCollectData-Bridging-Header.h */,
			);
			path = GCDAsyncSocket;
			sourceTree = "<group>";
		};
		513D7B0720186F2900F6DA4C /* UserViews */ = {
			isa = PBXGroup;
			children = (
				512E654D2009F3F800478420 /* UserBaseController.swift */,
				511F85E720075291008CA05A /* RegisterViewController.swift */,
				51A68BA6200C9CB60046A5E6 /* UserRetrieveViewController.swift */,
				51D205652005F255008763B9 /* LoginViewController.swift */,
			);
			path = UserViews;
			sourceTree = "<group>";
		};
		513D7B0820186F8200F6DA4C /* MainViews */ = {
			isa = PBXGroup;
			children = (
				5103BEFB20BD362400F6B26A /* InfoAuditFragments */,
				51BB0C9E20AEAF97001A99D4 /* RunningDataFragments */,
				513EEE1420410CF000F49CDB /* MainViewController.swift */,
				5170D15D201022C1005BA9C8 /* BasePageViewController.swift */,
				5170D17B2014CF9E005BA9C8 /* ProjectInfoViewController.swift */,
				513EEE06203FA64200F49CDB /* RunningStateViewController.swift */,
				513EEE08203FAB0C00F49CDB /* RunningDataViewController.swift */,
				513EEE0A203FAB9800F49CDB /* ProjectAddViewController.swift */,
				513EEE0C203FAE2100F49CDB /* ProjectModifyViewController.swift */,
				513EEE0E203FAE4200F49CDB /* DeviceModifyViewController.swift */,
				513EEE10203FAF7100F49CDB /* MaintainerModifyViewController.swift */,
				513EEE12203FAF9500F49CDB /* InfoRefindViewController.swift */,
			);
			path = MainViews;
			sourceTree = "<group>";
		};
		513D7B0920186FB800F6DA4C /* CustomWidgets */ = {
			isa = PBXGroup;
			children = (
				513E7984204F8A32009E799F /* AddressPickerView.swift */,
				5103809120AC15C8007345B4 /* DevicesTableView.swift */,
				5103808D20AC1443007345B4 /* DevicesTableViewCell.swift */,
				5103808E20AC1443007345B4 /* DevicesTableViewCell.xib */,
				51A68BA8200CA7120046A5E6 /* DropBoxView.swift */,
				51E3EDD220490118003F8903 /* InfoView.swift */,
				5170D16C20118C0A005BA9C8 /* ISViewPager.swift */,
				51E3215620AFC63C00B650C0 /* MyGifView.swift */,
				5109A4992045478300986733 /* Popover.swift */,
				511F85E920078CA9008CA05A /* tableItemView.swift */,
				516D8AC8201B09EF0030B4A2 /* TGCToastView.swift */,
				5125781F2045315B00344B60 /* TreeTableView.swift */,
				512578212045317800344B60 /* TreeTableViewCell.swift */,
				512578222045317900344B60 /* TreeTableViewCell.xib */,
				51594DC520B3C13C00BBD7D0 /* TimeCollectionViewCell.swift */,
				51594DC620B3C13C00BBD7D0 /* TimeCollectionViewCell.xib */,
			);
			path = CustomWidgets;
			sourceTree = "<group>";
		};
		513EEE1620439F2F00F49CDB /* Address */ = {
			isa = PBXGroup;
			children = (
				513EEE1720439F5100F49CDB /* AddressUtils.swift */,
				513EEE1920439F8D00F49CDB /* AddressItem.swift */,
				5125781D20452E7800344B60 /* BaseItem.swift */,
			);
			name = Address;
			sourceTree = "<group>";
		};
		5170D16E2011CD4D005BA9C8 /* Socket */ = {
			isa = PBXGroup;
			children = (
				513D7AFD2018626700F6DA4C /* GCDAsyncSocket */,
				5170D16F2011CD88005BA9C8 /* SocketConn.swift */,
				513D7AEF201836A600F6DA4C /* ConnectAPI.swift */,
				513D7B0A2018703800F6DA4C /* MsgProtocol.swift */,
				513D7B0C2018790C00F6DA4C /* ClientRequest.swift */,
			);
			path = Socket;
			sourceTree = "<group>";
		};
		51BB0C9E20AEAF97001A99D4 /* RunningDataFragments */ = {
			isa = PBXGroup;
			children = (
				51BB0C9F20AEB009001A99D4 /* DeviceListFragment.swift */,
				51BB0CA120AEB711001A99D4 /* RunningDataFragment.swift */,
				51594DC920B3C48A00BBD7D0 /* TimingRunFragment.swift */,
				51594DCB20B3F58100BBD7D0 /* EmergencyFragment.swift */,
			);
			name = RunningDataFragments;
			sourceTree = "<group>";
		};
		51CC788820A5496900D055FB /* Frameworks */ = {
			isa = PBXGroup;
			children = (
				51F2C1E820A5882A006F1A29 /* libstdc++.tbd */,
				51F2C1CB20A583CB006F1A29 /* QuartzCore.framework */,
				51F2C1C920A583B9006F1A29 /* CoreLocation.framework */,
				51CC789720A55D9D00D055FB /* libcrypto.a */,
				51CC789C20A55EAB00D055FB /* libcrypto.a */,
				51CC789820A55D9D00D055FB /* libssl.a */,
				51CC789B20A55EAB00D055FB /* libssl.a */,
				51CC789520A549DC00D055FB /* libstdc++.6.0.9.tbd */,
				51CC789320A549CF00D055FB /* CoreTelephony.framework */,
				51CC789120A549BE00D055FB /* libsqlite3.0.tbd */,
				51CC788F20A5499400D055FB /* Security.framework */,
				51CC788D20A5498900D055FB /* CoreGraphics.framework */,
				51CC788B20A5497B00D055FB /* SystemConfiguration.framework */,
				51CC788920A5496A00D055FB /* OpenGLES.framework */,
			);
			name = Frameworks;
			sourceTree = "<group>";
		};
		51D205572005F254008763B9 = {
			isa = PBXGroup;
			children = (
				51D205622005F255008763B9 /* ShowCollectData */,
				51D205772005F255008763B9 /* ShowCollectDataTests */,
				51D205822005F255008763B9 /* ShowCollectDataUITests */,
				51F2C1EA20A58D6B006F1A29 /* BaiduMapAPI */,
				51CC788820A5496900D055FB /* Frameworks */,
				51D205612005F255008763B9 /* Products */,
			);
			sourceTree = "<group>";
		};
		51D205612005F255008763B9 /* Products */ = {
			isa = PBXGroup;
			children = (
				51D205602005F255008763B9 /* ShowCollectData.app */,
				51D205742005F255008763B9 /* ShowCollectDataTests.xctest */,
				51D2057F2005F255008763B9 /* ShowCollectDataUITests.xctest */,
			);
			name = Products;
			sourceTree = "<group>";
		};
		51D205622005F255008763B9 /* ShowCollectData */ = {
			isa = PBXGroup;
			children = (
				51D2056F2005F255008763B9 /* Info.plist */,
				51D205632005F255008763B9 /* AppDelegate.swift */,
				513EEE1B2043A4DE00F49CDB /* address.txt */,
				51D2056A2005F255008763B9 /* Assets.xcassets */,
				512578252045352700344B60 /* Asserts */,
				511F6AA42015722500C47096 /* Common */,
				5170D16E2011CD4D005BA9C8 /* Socket */,
				511F85E620075141008CA05A /* StoryBoards */,
				512E65482008986300478420 /* Utils */,
				511F85E5200750F3008CA05A /* Views */,
			);
			path = ShowCollectData;
			sourceTree = "<group>";
		};
		51D205772005F255008763B9 /* ShowCollectDataTests */ = {
			isa = PBXGroup;
			children = (
				51D205782005F255008763B9 /* ShowCollectDataTests.swift */,
				51D2057A2005F255008763B9 /* Info.plist */,
			);
			path = ShowCollectDataTests;
			sourceTree = "<group>";
		};
		51D205822005F255008763B9 /* ShowCollectDataUITests */ = {
			isa = PBXGroup;
			children = (
				51D205832005F255008763B9 /* ShowCollectDataUITests.swift */,
				51D205852005F255008763B9 /* Info.plist */,
			);
			path = ShowCollectDataUITests;
			sourceTree = "<group>";
		};
		51E3215920AFC78600B650C0 /* RunningDataImages */ = {
			isa = PBXGroup;
			children = (
				51E3215A20AFC81600B650C0 /* arrowdown.png */,
				51E3216A20AFC81800B650C0 /* arrownew_left.png */,
				51E3215C20AFC81600B650C0 /* arrownew_right.png */,
				51E3216C20AFC81800B650C0 /* bakfan_bad.gif */,
				51E3217120AFC81900B650C0 /* bakfan_good.gif */,
				51E3216F20AFC81900B650C0 /* bakfan_stop.gif */,
				51E3216020AFC81700B650C0 /* bakwaterpump_bad.gif */,
				51E3216420AFC81700B650C0 /* bakwaterpump_good.gif */,
				51E3216220AFC81700B650C0 /* bakwaterpump_stop.gif */,
				51E3216520AFC81700B650C0 /* battery_bad.gif */,
				51E3215B20AFC81600B650C0 /* battery_good.gif */,
				51E3215E20AFC81600B650C0 /* battery_pack.gif */,
				513A458220B26AA9008FB23B /* battery0.gif */,
				513A458120B26AA8008FB23B /* battery1.gif */,
				513A458320B26AA9008FB23B /* battery2.gif */,
				513A458520B26AAA008FB23B /* battery3.gif */,
				513A458020B26AA8008FB23B /* battery4.gif */,
				513A458420B26AAA008FB23B /* battery5.gif */,
				51E3216720AFC81800B650C0 /* fan_bad.gif */,
				51E3216120AFC81700B650C0 /* fan_good.gif */,
				51E3216B20AFC81800B650C0 /* fan_stop.gif */,
				51E3216820AFC81800B650C0 /* horizontalline.png */,
				51E3215D20AFC81600B650C0 /* ic_name.gif */,
				51E3216620AFC81700B650C0 /* ic_passwd.gif */,
				5106FCB720B186ED009BAB2C /* solar_panel_bad.png */,
				5106FCB620B186ED009BAB2C /* solar_panel_good.png */,
				51E3216E20AFC81900B650C0 /* solar_sewage_controller_bad.gif */,
				51E3217020AFC81900B650C0 /* solar_sewage_controller_good.gif */,
				51E3216320AFC81700B650C0 /* solar_sewage_controller.gif */,
				51E3217220AFC81900B650C0 /* verticalline.png */,
				51E3215F20AFC81700B650C0 /* waterpump_bad.gif */,
				51E3216920AFC81800B650C0 /* waterpump_good.gif */,
				51E3216D20AFC81800B650C0 /* waterpump_stop.gif */,
			);
			path = RunningDataImages;
			sourceTree = "<group>";
		};
		51F2C1EA20A58D6B006F1A29 /* BaiduMapAPI */ = {
			isa = PBXGroup;
			children = (
				51F5E1B920AA81A100C69EC6 /* BaiduMapAPI_Base.framework */,
				51F5E1B620AA81A100C69EC6 /* BaiduMapAPI_Location.framework */,
				51F5E1B720AA81A100C69EC6 /* BaiduMapAPI_Map.framework */,
				51F5E1B820AA81A100C69EC6 /* mapapi.bundle */,
			);
			name = BaiduMapAPI;
			sourceTree = "<group>";
		};
/* End PBXGroup section */

/* Begin PBXNativeTarget section */
		51D2055F2005F254008763B9 /* ShowCollectData */ = {
			isa = PBXNativeTarget;
			buildConfigurationList = 51D205882005F255008763B9 /* Build configuration list for PBXNativeTarget "ShowCollectData" */;
			buildPhases = (
				51D2055C2005F254008763B9 /* Sources */,
				51D2055D2005F254008763B9 /* Frameworks */,
				51D2055E2005F254008763B9 /* Resources */,
			);
			buildRules = (
			);
			dependencies = (
			);
			name = ShowCollectData;
			productName = GreanSourceManeger;
			productReference = 51D205602005F255008763B9 /* ShowCollectData.app */;
			productType = "com.apple.product-type.application";
		};
		51D205732005F255008763B9 /* ShowCollectDataTests */ = {
			isa = PBXNativeTarget;
			buildConfigurationList = 51D2058B2005F255008763B9 /* Build configuration list for PBXNativeTarget "ShowCollectDataTests" */;
			buildPhases = (
				51D205702005F255008763B9 /* Sources */,
				51D205712005F255008763B9 /* Frameworks */,
				51D205722005F255008763B9 /* Resources */,
			);
			buildRules = (
			);
			dependencies = (
				51D205762005F255008763B9 /* PBXTargetDependency */,
			);
			name = ShowCollectDataTests;
			productName = GreanSourceManegerTests;
			productReference = 51D205742005F255008763B9 /* ShowCollectDataTests.xctest */;
			productType = "com.apple.product-type.bundle.unit-test";
		};
		51D2057E2005F255008763B9 /* ShowCollectDataUITests */ = {
			isa = PBXNativeTarget;
			buildConfigurationList = 51D2058E2005F255008763B9 /* Build configuration list for PBXNativeTarget "ShowCollectDataUITests" */;
			buildPhases = (
				51D2057B2005F255008763B9 /* Sources */,
				51D2057C2005F255008763B9 /* Frameworks */,
				51D2057D2005F255008763B9 /* Resources */,
			);
			buildRules = (
			);
			dependencies = (
				51D205812005F255008763B9 /* PBXTargetDependency */,
			);
			name = ShowCollectDataUITests;
			productName = GreanSourceManegerUITests;
			productReference = 51D2057F2005F255008763B9 /* ShowCollectDataUITests.xctest */;
			productType = "com.apple.product-type.bundle.ui-testing";
		};
/* End PBXNativeTarget section */

/* Begin PBXProject section */
		51D205582005F254008763B9 /* Project object */ = {
			isa = PBXProject;
			attributes = {
				LastSwiftUpdateCheck = 0920;
				LastUpgradeCheck = 0920;
				ORGANIZATIONNAME = "星空";
				TargetAttributes = {
					51D2055F2005F254008763B9 = {
						CreatedOnToolsVersion = 9.2;
						LastSwiftMigration = 0920;
						ProvisioningStyle = Automatic;
					};
					51D205732005F255008763B9 = {
						CreatedOnToolsVersion = 9.2;
						ProvisioningStyle = Automatic;
						TestTargetID = 51D2055F2005F254008763B9;
					};
					51D2057E2005F255008763B9 = {
						CreatedOnToolsVersion = 9.2;
						ProvisioningStyle = Automatic;
						TestTargetID = 51D2055F2005F254008763B9;
					};
				};
			};
			buildConfigurationList = 51D2055B2005F254008763B9 /* Build configuration list for PBXProject "ShowCollectData" */;
			compatibilityVersion = "Xcode 8.0";
			developmentRegion = en;
			hasScannedForEncodings = 0;
			knownRegions = (
				en,
				Base,
			);
			mainGroup = 51D205572005F254008763B9;
			productRefGroup = 51D205612005F255008763B9 /* Products */;
			projectDirPath = "";
			projectRoot = "";
			targets = (
				51D2055F2005F254008763B9 /* ShowCollectData */,
				51D205732005F255008763B9 /* ShowCollectDataTests */,
				51D2057E2005F255008763B9 /* ShowCollectDataUITests */,
			);
		};
/* End PBXProject section */

/* Begin PBXResourcesBuildPhase section */
		51D2055E2005F254008763B9 /* Resources */ = {
			isa = PBXResourcesBuildPhase;
			buildActionMask = 2147483647;
			files = (
				513A458720B26AAA008FB23B /* battery1.gif in Resources */,
				51E3217D20AFC81900B650C0 /* bakwaterpump_good.gif in Resources */,
				513A458B20B26AAA008FB23B /* battery3.gif in Resources */,
				51D2056E2005F255008763B9 /* LaunchScreen.storyboard in Resources */,
				51E3218620AFC81900B650C0 /* waterpump_stop.gif in Resources */,
				51E3217920AFC81900B650C0 /* bakwaterpump_bad.gif in Resources */,
				5106FCB920B186EE009BAB2C /* solar_panel_bad.png in Resources */,
				51E3217620AFC81900B650C0 /* ic_name.gif in Resources */,
				51E3217320AFC81900B650C0 /* arrowdown.png in Resources */,
				512578282045354F00344B60 /* tree_ec.png in Resources */,
				51E3218B20AFC81900B650C0 /* verticalline.png in Resources */,
				51E3217A20AFC81900B650C0 /* fan_good.gif in Resources */,
				51E3218520AFC81900B650C0 /* bakfan_bad.gif in Resources */,
				51E3218220AFC81900B650C0 /* waterpump_good.gif in Resources */,
				51E3218020AFC81900B650C0 /* fan_bad.gif in Resources */,
				51D2056B2005F255008763B9 /* Assets.xcassets in Resources */,
				51E3217420AFC81900B650C0 /* battery_good.gif in Resources */,
				51E3218320AFC81900B650C0 /* arrownew_left.png in Resources */,
				51E3218820AFC81900B650C0 /* bakfan_stop.gif in Resources */,
				512578292045354F00344B60 /* tree_ex.png in Resources */,
				51E3217720AFC81900B650C0 /* battery_pack.gif in Resources */,
				513A458820B26AAA008FB23B /* battery0.gif in Resources */,
				513A458920B26AAA008FB23B /* battery2.gif in Resources */,
				51E3218720AFC81900B650C0 /* solar_sewage_controller_bad.gif in Resources */,
				51D205692005F255008763B9 /* Main.storyboard in Resources */,
				51E3217E20AFC81900B650C0 /* battery_bad.gif in Resources */,
				5103BEFF20BD3AE100F6B26A /* AuditingCell.xib in Resources */,
				5103809020AC1443007345B4 /* DevicesTableViewCell.xib in Resources */,
				51E3217C20AFC81900B650C0 /* solar_sewage_controller.gif in Resources */,
				51E3218920AFC81900B650C0 /* solar_sewage_controller_good.gif in Resources */,
				51E3218420AFC81900B650C0 /* fan_stop.gif in Resources */,
				513A458A20B26AAA008FB23B /* battery5.gif in Resources */,
				513A458620B26AAA008FB23B /* battery4.gif in Resources */,
				51F5E1BC20AA81A100C69EC6 /* mapapi.bundle in Resources */,
				51E3217F20AFC81900B650C0 /* ic_passwd.gif in Resources */,
				51594DC820B3C13C00BBD7D0 /* TimeCollectionViewCell.xib in Resources */,
				513EEE1C2043A4DE00F49CDB /* address.txt in Resources */,
				512578242045317900344B60 /* TreeTableViewCell.xib in Resources */,
				51E3217520AFC81900B650C0 /* arrownew_right.png in Resources */,
				51E3217820AFC81900B650C0 /* waterpump_bad.gif in Resources */,
				51E3218A20AFC81900B650C0 /* bakfan_good.gif in Resources */,
				51E3217B20AFC81900B650C0 /* bakwaterpump_stop.gif in Resources */,
				51E3218120AFC81900B650C0 /* horizontalline.png in Resources */,
				5106FCB820B186EE009BAB2C /* solar_panel_good.png in Resources */,
			);
			runOnlyForDeploymentPostprocessing = 0;
		};
		51D205722005F255008763B9 /* Resources */ = {
			isa = PBXResourcesBuildPhase;
			buildActionMask = 2147483647;
			files = (
			);
			runOnlyForDeploymentPostprocessing = 0;
		};
		51D2057D2005F255008763B9 /* Resources */ = {
			isa = PBXResourcesBuildPhase;
			buildActionMask = 2147483647;
			files = (
			);
			runOnlyForDeploymentPostprocessing = 0;
		};
/* End PBXResourcesBuildPhase section */

/* Begin PBXSourcesBuildPhase section */
		51D2055C2005F254008763B9 /* Sources */ = {
			isa = PBXSourcesBuildPhase;
			buildActionMask = 2147483647;
			files = (
				51BB0CA220AEB711001A99D4 /* RunningDataFragment.swift in Sources */,
				513D7AF0201836A600F6DA4C /* ConnectAPI.swift in Sources */,
				5103808F20AC1443007345B4 /* DevicesTableViewCell.swift in Sources */,
				516D8AC9201B09EF0030B4A2 /* TGCToastView.swift in Sources */,
				513D7B0D2018790C00F6DA4C /* ClientRequest.swift in Sources */,
				513EEE11203FAF7100F49CDB /* MaintainerModifyViewController.swift in Sources */,
				5103BF0120BD4B8D00F6B26A /* AuditingFragment.swift in Sources */,
				5141864120A2EB0700EBC67B /* ShowDevConfig.swift in Sources */,
				511F85EA20078CA9008CA05A /* tableItemView.swift in Sources */,
				5103809220AC15C8007345B4 /* DevicesTableView.swift in Sources */,
				51594DC720B3C13C00BBD7D0 /* TimeCollectionViewCell.swift in Sources */,
				512578202045315B00344B60 /* TreeTableView.swift in Sources */,
				513EEE0D203FAE2100F49CDB /* ProjectModifyViewController.swift in Sources */,
				513E7989205628DA009E799F /* ShowResponse.swift in Sources */,
				51E3EDD5204E66FC003F8903 /* GlobalVar.swift in Sources */,
				512E654E2009F3F800478420 /* UserBaseController.swift in Sources */,
				51E3EDD320490118003F8903 /* InfoView.swift in Sources */,
				51594DCC20B3F58100BBD7D0 /* EmergencyFragment.swift in Sources */,
				513EEE1A20439F8D00F49CDB /* AddressItem.swift in Sources */,
				51A68BA7200C9CB60046A5E6 /* UserRetrieveViewController.swift in Sources */,
				5109A49A2045478300986733 /* Popover.swift in Sources */,
				512E654C2009D47500478420 /* ColorUtils.swift in Sources */,
				513D7B0B2018703800F6DA4C /* MsgProtocol.swift in Sources */,
				511F85E820075291008CA05A /* RegisterViewController.swift in Sources */,
				51E3215720AFC63C00B650C0 /* MyGifView.swift in Sources */,
				513EEE07203FA64200F49CDB /* RunningStateViewController.swift in Sources */,
				51594DCE20B428B100BBD7D0 /* DateUtils.swift in Sources */,
				513EEE1520410CF000F49CDB /* MainViewController.swift in Sources */,
				512578232045317900344B60 /* TreeTableViewCell.swift in Sources */,
				516D8AC32019ADF10030B4A2 /* ShowMessage.swift in Sources */,
				51594DCA20B3C48A00BBD7D0 /* TimingRunFragment.swift in Sources */,
				513D7B002018628000F6DA4C /* GCDAsyncSocket.m in Sources */,
				5170D15E201022C1005BA9C8 /* BasePageViewController.swift in Sources */,
				51A68BA9200CA7130046A5E6 /* DropBoxView.swift in Sources */,
				516D8AC72019C07E0030B4A2 /* ShowProject.swift in Sources */,
				5125781E20452E7800344B60 /* BaseItem.swift in Sources */,
				513D7B0620186E2A00F6DA4C /* JSONUtils.swift in Sources */,
				519FF144204E7E7A000934C6 /* ProjectWorkingMode.swift in Sources */,
				5170D17C2014CF9E005BA9C8 /* ProjectInfoViewController.swift in Sources */,
				513EEE1820439F5100F49CDB /* AddressUtils.swift in Sources */,
				511F6AA62015724800C47096 /* ShowAccount.swift in Sources */,
				513EEE09203FAB0C00F49CDB /* RunningDataViewController.swift in Sources */,
				516D8ACB201EC2A40030B4A2 /* ToastHelper.swift in Sources */,
				51D205662005F255008763B9 /* LoginViewController.swift in Sources */,
				5170D16D20118C0A005BA9C8 /* ISViewPager.swift in Sources */,
				513E7985204F8A32009E799F /* AddressPickerView.swift in Sources */,
				517E7F1720AAEBB300158D0B /* ShowProjectInfo.swift in Sources */,
				516D8AC52019BFA90030B4A2 /* ShowLocation.swift in Sources */,
				513E798720514BF9009E799F /* ShowVCode.swift in Sources */,
				513D7B0F2018831A00F6DA4C /* StringUtils.swift in Sources */,
				51BB0CA020AEB009001A99D4 /* DeviceListFragment.swift in Sources */,
				513EEE0B203FAB9800F49CDB /* ProjectAddViewController.swift in Sources */,
				513EEE0F203FAE4200F49CDB /* DeviceModifyViewController.swift in Sources */,
				513EEE13203FAF9500F49CDB /* InfoRefindViewController.swift in Sources */,
				5103BEFE20BD3AE100F6B26A /* AuditingCell.swift in Sources */,
				5103808C20ABFFE1007345B4 /* ShowDevice.swift in Sources */,
				5103BF0320BE4AC300F6B26A /* ShowPage.swift in Sources */,
				5170D1702011CD88005BA9C8 /* SocketConn.swift in Sources */,
				516322AD20AD2CD3009FFCA4 /* ShowDeviceData.swift in Sources */,
				513D7B0420186CD700F6DA4C /* BaseData.swift in Sources */,
				51D205642005F255008763B9 /* AppDelegate.swift in Sources */,
			);
			runOnlyForDeploymentPostprocessing = 0;
		};
		51D205702005F255008763B9 /* Sources */ = {
			isa = PBXSourcesBuildPhase;
			buildActionMask = 2147483647;
			files = (
				51D205792005F255008763B9 /* ShowCollectDataTests.swift in Sources */,
			);
			runOnlyForDeploymentPostprocessing = 0;
		};
		51D2057B2005F255008763B9 /* Sources */ = {
			isa = PBXSourcesBuildPhase;
			buildActionMask = 2147483647;
			files = (
				51D205842005F255008763B9 /* ShowCollectDataUITests.swift in Sources */,
			);
			runOnlyForDeploymentPostprocessing = 0;
		};
/* End PBXSourcesBuildPhase section */

/* Begin PBXTargetDependency section */
		51D205762005F255008763B9 /* PBXTargetDependency */ = {
			isa = PBXTargetDependency;
			target = 51D2055F2005F254008763B9 /* ShowCollectData */;
			targetProxy = 51D205752005F255008763B9 /* PBXContainerItemProxy */;
		};
		51D205812005F255008763B9 /* PBXTargetDependency */ = {
			isa = PBXTargetDependency;
			target = 51D2055F2005F254008763B9 /* ShowCollectData */;
			targetProxy = 51D205802005F255008763B9 /* PBXContainerItemProxy */;
		};
/* End PBXTargetDependency section */

/* Begin PBXVariantGroup section */
		51D205672005F255008763B9 /* Main.storyboard */ = {
			isa = PBXVariantGroup;
			children = (
				51D205682005F255008763B9 /* Base */,
			);
			name = Main.storyboard;
			sourceTree = "<group>";
		};
		51D2056C2005F255008763B9 /* LaunchScreen.storyboard */ = {
			isa = PBXVariantGroup;
			children = (
				51D2056D2005F255008763B9 /* Base */,
			);
			name = LaunchScreen.storyboard;
			sourceTree = "<group>";
		};
/* End PBXVariantGroup section */

/* Begin XCBuildConfiguration section */
		51D205862005F255008763B9 /* Debug */ = {
			isa = XCBuildConfiguration;
			buildSettings = {
				ALWAYS_SEARCH_USER_PATHS = NO;
				CLANG_ANALYZER_NONNULL = YES;
				CLANG_ANALYZER_NUMBER_OBJECT_CONVERSION = YES_AGGRESSIVE;
				CLANG_CXX_LANGUAGE_STANDARD = "gnu++14";
				CLANG_CXX_LIBRARY = "libc++";
				CLANG_ENABLE_MODULES = YES;
				CLANG_ENABLE_OBJC_ARC = YES;
				CLANG_WARN_BLOCK_CAPTURE_AUTORELEASING = YES;
				CLANG_WARN_BOOL_CONVERSION = YES;
				CLANG_WARN_COMMA = YES;
				CLANG_WARN_CONSTANT_CONVERSION = YES;
				CLANG_WARN_DIRECT_OBJC_ISA_USAGE = YES_ERROR;
				CLANG_WARN_DOCUMENTATION_COMMENTS = YES;
				CLANG_WARN_EMPTY_BODY = YES;
				CLANG_WARN_ENUM_CONVERSION = YES;
				CLANG_WARN_INFINITE_RECURSION = YES;
				CLANG_WARN_INT_CONVERSION = YES;
				CLANG_WARN_NON_LITERAL_NULL_CONVERSION = YES;
				CLANG_WARN_OBJC_LITERAL_CONVERSION = YES;
				CLANG_WARN_OBJC_ROOT_CLASS = YES_ERROR;
				CLANG_WARN_RANGE_LOOP_ANALYSIS = YES;
				CLANG_WARN_STRICT_PROTOTYPES = YES;
				CLANG_WARN_SUSPICIOUS_MOVE = YES;
				CLANG_WARN_UNGUARDED_AVAILABILITY = YES_AGGRESSIVE;
				CLANG_WARN_UNREACHABLE_CODE = YES;
				CLANG_WARN__DUPLICATE_METHOD_MATCH = YES;
				CODE_SIGN_IDENTITY = "iPhone Developer";
				COPY_PHASE_STRIP = NO;
				DEBUG_INFORMATION_FORMAT = dwarf;
				ENABLE_STRICT_OBJC_MSGSEND = YES;
				ENABLE_TESTABILITY = YES;
				GCC_C_LANGUAGE_STANDARD = gnu11;
				GCC_DYNAMIC_NO_PIC = NO;
				GCC_NO_COMMON_BLOCKS = YES;
				GCC_OPTIMIZATION_LEVEL = 0;
				GCC_PREPROCESSOR_DEFINITIONS = (
					"DEBUG=1",
					"$(inherited)",
				);
				GCC_WARN_64_TO_32_BIT_CONVERSION = YES;
				GCC_WARN_ABOUT_RETURN_TYPE = YES_ERROR;
				GCC_WARN_UNDECLARED_SELECTOR = YES;
				GCC_WARN_UNINITIALIZED_AUTOS = YES_AGGRESSIVE;
				GCC_WARN_UNUSED_FUNCTION = YES;
				GCC_WARN_UNUSED_VARIABLE = YES;
				IPHONEOS_DEPLOYMENT_TARGET = 11.2;
				MTL_ENABLE_DEBUG_INFO = YES;
				ONLY_ACTIVE_ARCH = YES;
				SDKROOT = iphoneos;
				SWIFT_ACTIVE_COMPILATION_CONDITIONS = DEBUG;
				SWIFT_OPTIMIZATION_LEVEL = "-Onone";
			};
			name = Debug;
		};
		51D205872005F255008763B9 /* Release */ = {
			isa = XCBuildConfiguration;
			buildSettings = {
				ALWAYS_SEARCH_USER_PATHS = NO;
				CLANG_ANALYZER_NONNULL = YES;
				CLANG_ANALYZER_NUMBER_OBJECT_CONVERSION = YES_AGGRESSIVE;
				CLANG_CXX_LANGUAGE_STANDARD = "gnu++14";
				CLANG_CXX_LIBRARY = "libc++";
				CLANG_ENABLE_MODULES = YES;
				CLANG_ENABLE_OBJC_ARC = YES;
				CLANG_WARN_BLOCK_CAPTURE_AUTORELEASING = YES;
				CLANG_WARN_BOOL_CONVERSION = YES;
				CLANG_WARN_COMMA = YES;
				CLANG_WARN_CONSTANT_CONVERSION = YES;
				CLANG_WARN_DIRECT_OBJC_ISA_USAGE = YES_ERROR;
				CLANG_WARN_DOCUMENTATION_COMMENTS = YES;
				CLANG_WARN_EMPTY_BODY = YES;
				CLANG_WARN_ENUM_CONVERSION = YES;
				CLANG_WARN_INFINITE_RECURSION = YES;
				CLANG_WARN_INT_CONVERSION = YES;
				CLANG_WARN_NON_LITERAL_NULL_CONVERSION = YES;
				CLANG_WARN_OBJC_LITERAL_CONVERSION = YES;
				CLANG_WARN_OBJC_ROOT_CLASS = YES_ERROR;
				CLANG_WARN_RANGE_LOOP_ANALYSIS = YES;
				CLANG_WARN_STRICT_PROTOTYPES = YES;
				CLANG_WARN_SUSPICIOUS_MOVE = YES;
				CLANG_WARN_UNGUARDED_AVAILABILITY = YES_AGGRESSIVE;
				CLANG_WARN_UNREACHABLE_CODE = YES;
				CLANG_WARN__DUPLICATE_METHOD_MATCH = YES;
				CODE_SIGN_IDENTITY = "iPhone Developer";
				COPY_PHASE_STRIP = NO;
				DEBUG_INFORMATION_FORMAT = "dwarf-with-dsym";
				ENABLE_NS_ASSERTIONS = NO;
				ENABLE_STRICT_OBJC_MSGSEND = YES;
				GCC_C_LANGUAGE_STANDARD = gnu11;
				GCC_NO_COMMON_BLOCKS = YES;
				GCC_WARN_64_TO_32_BIT_CONVERSION = YES;
				GCC_WARN_ABOUT_RETURN_TYPE = YES_ERROR;
				GCC_WARN_UNDECLARED_SELECTOR = YES;
				GCC_WARN_UNINITIALIZED_AUTOS = YES_AGGRESSIVE;
				GCC_WARN_UNUSED_FUNCTION = YES;
				GCC_WARN_UNUSED_VARIABLE = YES;
				IPHONEOS_DEPLOYMENT_TARGET = 11.2;
				MTL_ENABLE_DEBUG_INFO = NO;
				SDKROOT = iphoneos;
				SWIFT_OPTIMIZATION_LEVEL = "-Owholemodule";
				VALIDATE_PRODUCT = YES;
			};
			name = Release;
		};
		51D205892005F255008763B9 /* Debug */ = {
			isa = XCBuildConfiguration;
			buildSettings = {
				ASSETCATALOG_COMPILER_APPICON_NAME = AppIcon;
				CLANG_ENABLE_MODULES = YES;
				CODE_SIGN_IDENTITY = "iPhone Developer";
				CODE_SIGN_STYLE = Automatic;
				DEVELOPMENT_TEAM = 3743T2J7NU;
				FRAMEWORK_SEARCH_PATHS = (
					"$(inherited)",
					"$(PROJECT_DIR)",
				);
				INFOPLIST_FILE = ShowCollectData/Info.plist;
				LD_RUNPATH_SEARCH_PATHS = "$(inherited) @executable_path/Frameworks";
				LIBRARY_SEARCH_PATHS = (
					"$(inherited)",
					"$(PROJECT_DIR)/ShowCollectData/thirdlibs",
				);
				OTHER_LDFLAGS = "-ObjC";
				PRODUCT_BUNDLE_IDENTIFIER = com.greensource.ShowCollectDatah;
				PRODUCT_NAME = "$(TARGET_NAME)";
				PROVISIONING_PROFILE_SPECIFIER = "";
				SWIFT_OBJC_BRIDGING_HEADER = "ShowCollectData/Socket/GCDAsyncSocket/ShowCollectData-Bridging-Header.h";
				SWIFT_OPTIMIZATION_LEVEL = "-Onone";
				SWIFT_VERSION = 4.0;
				TARGETED_DEVICE_FAMILY = "1,2";
			};
			name = Debug;
		};
		51D2058A2005F255008763B9 /* Release */ = {
			isa = XCBuildConfiguration;
			buildSettings = {
				ASSETCATALOG_COMPILER_APPICON_NAME = AppIcon;
				CLANG_ENABLE_MODULES = YES;
				CODE_SIGN_IDENTITY = "iPhone Developer";
				CODE_SIGN_STYLE = Automatic;
				DEVELOPMENT_TEAM = 3743T2J7NU;
				FRAMEWORK_SEARCH_PATHS = (
					"$(inherited)",
					"$(PROJECT_DIR)",
				);
				INFOPLIST_FILE = ShowCollectData/Info.plist;
				LD_RUNPATH_SEARCH_PATHS = "$(inherited) @executable_path/Frameworks";
				LIBRARY_SEARCH_PATHS = (
					"$(inherited)",
					"$(PROJECT_DIR)/ShowCollectData/thirdlibs",
				);
				OTHER_LDFLAGS = "-ObjC";
				PRODUCT_BUNDLE_IDENTIFIER = com.greensource.ShowCollectDatah;
				PRODUCT_NAME = "$(TARGET_NAME)";
				PROVISIONING_PROFILE_SPECIFIER = "";
				SWIFT_OBJC_BRIDGING_HEADER = "ShowCollectData/Socket/GCDAsyncSocket/ShowCollectData-Bridging-Header.h";
				SWIFT_VERSION = 4.0;
				TARGETED_DEVICE_FAMILY = "1,2";
			};
			name = Release;
		};
		51D2058C2005F255008763B9 /* Debug */ = {
			isa = XCBuildConfiguration;
			buildSettings = {
				ALWAYS_EMBED_SWIFT_STANDARD_LIBRARIES = YES;
				BUNDLE_LOADER = "$(TEST_HOST)";
				CODE_SIGN_STYLE = Automatic;
				INFOPLIST_FILE = GreanSourceManegerTests/Info.plist;
				LD_RUNPATH_SEARCH_PATHS = "$(inherited) @executable_path/Frameworks @loader_path/Frameworks";
				PRODUCT_BUNDLE_IDENTIFIER = com.greensource.GreanSourceManegerTests;
				PRODUCT_NAME = "$(TARGET_NAME)";
				SWIFT_VERSION = 4.0;
				TARGETED_DEVICE_FAMILY = "1,2";
				TEST_HOST = "$(BUILT_PRODUCTS_DIR)/ShowCollectData.app/ShowCollectData";
			};
			name = Debug;
		};
		51D2058D2005F255008763B9 /* Release */ = {
			isa = XCBuildConfiguration;
			buildSettings = {
				ALWAYS_EMBED_SWIFT_STANDARD_LIBRARIES = YES;
				BUNDLE_LOADER = "$(TEST_HOST)";
				CODE_SIGN_STYLE = Automatic;
				INFOPLIST_FILE = GreanSourceManegerTests/Info.plist;
				LD_RUNPATH_SEARCH_PATHS = "$(inherited) @executable_path/Frameworks @loader_path/Frameworks";
				PRODUCT_BUNDLE_IDENTIFIER = com.greensource.GreanSourceManegerTests;
				PRODUCT_NAME = "$(TARGET_NAME)";
				SWIFT_VERSION = 4.0;
				TARGETED_DEVICE_FAMILY = "1,2";
				TEST_HOST = "$(BUILT_PRODUCTS_DIR)/ShowCollectData.app/ShowCollectData";
			};
			name = Release;
		};
		51D2058F2005F255008763B9 /* Debug */ = {
			isa = XCBuildConfiguration;
			buildSettings = {
				ALWAYS_EMBED_SWIFT_STANDARD_LIBRARIES = YES;
				CODE_SIGN_STYLE = Automatic;
				INFOPLIST_FILE = GreanSourceManegerUITests/Info.plist;
				LD_RUNPATH_SEARCH_PATHS = "$(inherited) @executable_path/Frameworks @loader_path/Frameworks";
				PRODUCT_BUNDLE_IDENTIFIER = com.greensource.GreanSourceManegerUITests;
				PRODUCT_NAME = "$(TARGET_NAME)";
				SWIFT_VERSION = 4.0;
				TARGETED_DEVICE_FAMILY = "1,2";
				TEST_TARGET_NAME = GreanSourceManeger;
			};
			name = Debug;
		};
		51D205902005F255008763B9 /* Release */ = {
			isa = XCBuildConfiguration;
			buildSettings = {
				ALWAYS_EMBED_SWIFT_STANDARD_LIBRARIES = YES;
				CODE_SIGN_STYLE = Automatic;
				INFOPLIST_FILE = GreanSourceManegerUITests/Info.plist;
				LD_RUNPATH_SEARCH_PATHS = "$(inherited) @executable_path/Frameworks @loader_path/Frameworks";
				PRODUCT_BUNDLE_IDENTIFIER = com.greensource.GreanSourceManegerUITests;
				PRODUCT_NAME = "$(TARGET_NAME)";
				SWIFT_VERSION = 4.0;
				TARGETED_DEVICE_FAMILY = "1,2";
				TEST_TARGET_NAME = GreanSourceManeger;
			};
			name = Release;
		};
/* End XCBuildConfiguration section */

/* Begin XCConfigurationList section */
		51D2055B2005F254008763B9 /* Build configuration list for PBXProject "ShowCollectData" */ = {
			isa = XCConfigurationList;
			buildConfigurations = (
				51D205862005F255008763B9 /* Debug */,
				51D205872005F255008763B9 /* Release */,
			);
			defaultConfigurationIsVisible = 0;
			defaultConfigurationName = Release;
		};
		51D205882005F255008763B9 /* Build configuration list for PBXNativeTarget "ShowCollectData" */ = {
			isa = XCConfigurationList;
			buildConfigurations = (
				51D205892005F255008763B9 /* Debug */,
				51D2058A2005F255008763B9 /* Release */,
			);
			defaultConfigurationIsVisible = 0;
			defaultConfigurationName = Release;
		};
		51D2058B2005F255008763B9 /* Build configuration list for PBXNativeTarget "ShowCollectDataTests" */ = {
			isa = XCConfigurationList;
			buildConfigurations = (
				51D2058C2005F255008763B9 /* Debug */,
				51D2058D2005F255008763B9 /* Release */,
			);
			defaultConfigurationIsVisible = 0;
			defaultConfigurationName = Release;
		};
		51D2058E2005F255008763B9 /* Build configuration list for PBXNativeTarget "ShowCollectDataUITests" */ = {
			isa = XCConfigurationList;
			buildConfigurations = (
				51D2058F2005F255008763B9 /* Debug */,
				51D205902005F255008763B9 /* Release */,
			);
			defaultConfigurationIsVisible = 0;
			defaultConfigurationName = Release;
		};
/* End XCConfigurationList section */
	};
	rootObject = 51D205582005F254008763B9 /* Project object */;
}
